
Microsoft Visual Studio Solution File, Format Version 12.00
# Visual Studio 15
VisualStudioVersion = 15.0.28307.329
MinimumVisualStudioVersion = 10.0.40219.1
Project("{FAE04EC0-301F-11D3-BF4B-00C04F79EFBC}") = "VSBS.Model", "VSBS.Model\VSBS.Model.csproj", "{C9907E54-7F89-42B9-AFCD-5C67620406B6}"
EndProject
Project("{FAE04EC0-301F-11D3-BF4B-00C04F79EFBC}") = "VSBS.Core", "VSBS.Core\VSBS.Core.csproj", "{778BC9AE-56D3-40C9-B92D-E8B9E2EA09F5}"
EndProject
Project("{FAE04EC0-301F-11D3-BF4B-00C04F79EFBC}") = "VSBS.WebService", "VSBS.WebService\VSBS.WebService.csproj", "{221C0E82-7C38-47E8-B81C-461923832355}"
EndProject
Project("{FAE04EC0-301F-11D3-BF4B-00C04F79EFBC}") = "VSBS.ConsumeWinForms", "VSBS.ConsumeWinForms\VSBS.ConsumeWinForms.csproj", "{43EBDDCB-297D-468D-BFF8-C6D48A508A8E}"
EndProject
Global
	GlobalSection(SolutionConfigurationPlatforms) = preSolution
		Debug|Any CPU = Debug|Any CPU
		Release|Any CPU = Release|Any CPU
	EndGlobalSection
	GlobalSection(ProjectConfigurationPlatforms) = postSolution
		{C9907E54-7F89-42B9-AFCD-5C67620406B6}.Debug|Any CPU.ActiveCfg = Debug|Any CPU
		{C9907E54-7F89-42B9-AFCD-5C67620406B6}.Debug|Any CPU.Build.0 = Debug|Any CPU
		{C9907E54-7F89-42B9-AFCD-5C67620406B6}.Release|Any CPU.ActiveCfg = Release|Any CPU
		{C9907E54-7F89-42B9-AFCD-5C67620406B6}.Release|Any CPU.Build.0 = Release|Any CPU
		{778BC9AE-56D3-40C9-B92D-E8B9E2EA09F5}.Debug|Any CPU.ActiveCfg = Debug|Any CPU
		{778BC9AE-56D3-40C9-B92D-E8B9E2EA09F5}.Debug|Any CPU.Build.0 = Debug|Any CPU
		{778BC9AE-56D3-40C9-B92D-E8B9E2EA09F5}.Release|Any CPU.ActiveCfg = Release|Any CPU
		{778BC9AE-56D3-40C9-B92D-E8B9E2EA09F5}.Release|Any CPU.Build.0 = Release|Any CPU
		{221C0E82-7C38-47E8-B81C-461923832355}.Debug|Any CPU.ActiveCfg = Debug|Any CPU
		{221C0E82-7C38-47E8-B81C-461923832355}.Debug|Any CPU.Build.0 = Debug|Any CPU
		{221C0E82-7C38-47E8-B81C-461923832355}.Release|Any CPU.ActiveCfg = Release|Any CPU
		{221C0E82-7C38-47E8-B81C-461923832355}.Release|Any CPU.Build.0 = Release|Any CPU
		{43EBDDCB-297D-468D-BFF8-C6D48A508A8E}.Debug|Any CPU.ActiveCfg = Debug|Any CPU
		{43EBDDCB-297D-468D-BFF8-C6D48A508A8E}.Debug|Any CPU.Build.0 = Debug|Any CPU
		{43EBDDCB-297D-468D-BFF8-C6D48A508A8E}.Release|Any CPU.ActiveCfg = Release|Any CPU
		{43EBDDCB-297D-468D-BFF8-C6D48A508A8E}.Release|Any CPU.Build.0 = Release|Any CPU
	EndGlobalSection
	GlobalSection(SolutionProperties) = preSolution
		HideSolutionNode = FALSE
	EndGlobalSection
	GlobalSection(ExtensibilityGlobals) = postSolution
		SolutionGuid = {E77256C0-62D1-498D-A649-FEB3467D8597}
	EndGlobalSection
EndGlobal
