
Microsoft Visual Studio Solution File, Format Version 12.00
# Visual Studio Version 16
VisualStudioVersion = 16.0.29009.5
MinimumVisualStudioVersion = 10.0.40219.1
Project("{FAE04EC0-301F-11D3-BF4B-00C04F79EFBC}") = "App07_Cell.UWP", "App07_Cell.UWP\App07_Cell.UWP.csproj", "{C09DA47C-A5DB-4BF2-86A6-DEBC7C086253}"
EndProject
Project("{FAE04EC0-301F-11D3-BF4B-00C04F79EFBC}") = "App07_Cell.Android", "App07_Cell.Android\App07_Cell.Android.csproj", "{37740BB9-46CD-4801-823D-4250FAB493F8}"
EndProject
Project("{FAE04EC0-301F-11D3-BF4B-00C04F79EFBC}") = "App07_Cell.iOS", "App07_Cell.iOS\App07_Cell.iOS.csproj", "{568553B2-3157-4608-95C9-FCB95D1DBB95}"
EndProject
Project("{FAE04EC0-301F-11D3-BF4B-00C04F79EFBC}") = "App07_Cell", "App07_Cell\App07_Cell.csproj", "{90707F5B-5F6D-4DE4-A640-540CF1F71B24}"
EndProject
Global
	GlobalSection(SolutionConfigurationPlatforms) = preSolution
		Debug|Any CPU = Debug|Any CPU
		Debug|ARM = Debug|ARM
		Debug|iPhone = Debug|iPhone
		Debug|iPhoneSimulator = Debug|iPhoneSimulator
		Debug|x64 = Debug|x64
		Debug|x86 = Debug|x86
		Release|Any CPU = Release|Any CPU
		Release|ARM = Release|ARM
		Release|iPhone = Release|iPhone
		Release|iPhoneSimulator = Release|iPhoneSimulator
		Release|x64 = Release|x64
		Release|x86 = Release|x86
	EndGlobalSection
	GlobalSection(ProjectConfigurationPlatforms) = postSolution
		{C09DA47C-A5DB-4BF2-86A6-DEBC7C086253}.Debug|Any CPU.ActiveCfg = Debug|x86
		{C09DA47C-A5DB-4BF2-86A6-DEBC7C086253}.Debug|Any CPU.Build.0 = Debug|x86
		{C09DA47C-A5DB-4BF2-86A6-DEBC7C086253}.Debug|Any CPU.Deploy.0 = Debug|x86
		{C09DA47C-A5DB-4BF2-86A6-DEBC7C086253}.Debug|ARM.ActiveCfg = Debug|ARM
		{C09DA47C-A5DB-4BF2-86A6-DEBC7C086253}.Debug|ARM.Build.0 = Debug|ARM
		{C09DA47C-A5DB-4BF2-86A6-DEBC7C086253}.Debug|ARM.Deploy.0 = Debug|ARM
		{C09DA47C-A5DB-4BF2-86A6-DEBC7C086253}.Debug|iPhone.ActiveCfg = Debug|x86
		{C09DA47C-A5DB-4BF2-86A6-DEBC7C086253}.Debug|iPhone.Build.0 = Debug|x86
		{C09DA47C-A5DB-4BF2-86A6-DEBC7C086253}.Debug|iPhone.Deploy.0 = Debug|x86
		{C09DA47C-A5DB-4BF2-86A6-DEBC7C086253}.Debug|iPhoneSimulator.ActiveCfg = Debug|x86
		{C09DA47C-A5DB-4BF2-86A6-DEBC7C086253}.Debug|iPhoneSimulator.Build.0 = Debug|x86
		{C09DA47C-A5DB-4BF2-86A6-DEBC7C086253}.Debug|iPhoneSimulator.Deploy.0 = Debug|x86
		{C09DA47C-A5DB-4BF2-86A6-DEBC7C086253}.Debug|x64.ActiveCfg = Debug|x64
		{C09DA47C-A5DB-4BF2-86A6-DEBC7C086253}.Debug|x64.Build.0 = Debug|x64
		{C09DA47C-A5DB-4BF2-86A6-DEBC7C086253}.Debug|x64.Deploy.0 = Debug|x64
		{C09DA47C-A5DB-4BF2-86A6-DEBC7C086253}.Debug|x86.ActiveCfg = Debug|x86
		{C09DA47C-A5DB-4BF2-86A6-DEBC7C086253}.Debug|x86.Build.0 = Debug|x86
		{C09DA47C-A5DB-4BF2-86A6-DEBC7C086253}.Debug|x86.Deploy.0 = Debug|x86
		{C09DA47C-A5DB-4BF2-86A6-DEBC7C086253}.Release|Any CPU.ActiveCfg = Release|x86
		{C09DA47C-A5DB-4BF2-86A6-DEBC7C086253}.Release|Any CPU.Build.0 = Release|x86
		{C09DA47C-A5DB-4BF2-86A6-DEBC7C086253}.Release|Any CPU.Deploy.0 = Release|x86
		{C09DA47C-A5DB-4BF2-86A6-DEBC7C086253}.Release|ARM.ActiveCfg = Release|ARM
		{C09DA47C-A5DB-4BF2-86A6-DEBC7C086253}.Release|ARM.Build.0 = Release|ARM
		{C09DA47C-A5DB-4BF2-86A6-DEBC7C086253}.Release|ARM.Deploy.0 = Release|ARM
		{C09DA47C-A5DB-4BF2-86A6-DEBC7C086253}.Release|iPhone.ActiveCfg = Release|x86
		{C09DA47C-A5DB-4BF2-86A6-DEBC7C086253}.Release|iPhone.Build.0 = Release|x86
		{C09DA47C-A5DB-4BF2-86A6-DEBC7C086253}.Release|iPhone.Deploy.0 = Release|x86
		{C09DA47C-A5DB-4BF2-86A6-DEBC7C086253}.Release|iPhoneSimulator.ActiveCfg = Release|x86
		{C09DA47C-A5DB-4BF2-86A6-DEBC7C086253}.Release|iPhoneSimulator.Build.0 = Release|x86
		{C09DA47C-A5DB-4BF2-86A6-DEBC7C086253}.Release|iPhoneSimulator.Deploy.0 = Release|x86
		{C09DA47C-A5DB-4BF2-86A6-DEBC7C086253}.Release|x64.ActiveCfg = Release|x64
		{C09DA47C-A5DB-4BF2-86A6-DEBC7C086253}.Release|x64.Build.0 = Release|x64
		{C09DA47C-A5DB-4BF2-86A6-DEBC7C086253}.Release|x64.Deploy.0 = Release|x64
		{C09DA47C-A5DB-4BF2-86A6-DEBC7C086253}.Release|x86.ActiveCfg = Release|x86
		{C09DA47C-A5DB-4BF2-86A6-DEBC7C086253}.Release|x86.Build.0 = Release|x86
		{C09DA47C-A5DB-4BF2-86A6-DEBC7C086253}.Release|x86.Deploy.0 = Release|x86
		{37740BB9-46CD-4801-823D-4250FAB493F8}.Debug|Any CPU.ActiveCfg = Debug|Any CPU
		{37740BB9-46CD-4801-823D-4250FAB493F8}.Debug|Any CPU.Build.0 = Debug|Any CPU
		{37740BB9-46CD-4801-823D-4250FAB493F8}.Debug|Any CPU.Deploy.0 = Debug|Any CPU
		{37740BB9-46CD-4801-823D-4250FAB493F8}.Debug|ARM.ActiveCfg = Debug|Any CPU
		{37740BB9-46CD-4801-823D-4250FAB493F8}.Debug|ARM.Build.0 = Debug|Any CPU
		{37740BB9-46CD-4801-823D-4250FAB493F8}.Debug|ARM.Deploy.0 = Debug|Any CPU
		{37740BB9-46CD-4801-823D-4250FAB493F8}.Debug|iPhone.ActiveCfg = Debug|Any CPU
		{37740BB9-46CD-4801-823D-4250FAB493F8}.Debug|iPhone.Build.0 = Debug|Any CPU
		{37740BB9-46CD-4801-823D-4250FAB493F8}.Debug|iPhone.Deploy.0 = Debug|Any CPU
		{37740BB9-46CD-4801-823D-4250FAB493F8}.Debug|iPhoneSimulator.ActiveCfg = Debug|Any CPU
		{37740BB9-46CD-4801-823D-4250FAB493F8}.Debug|iPhoneSimulator.Build.0 = Debug|Any CPU
		{37740BB9-46CD-4801-823D-4250FAB493F8}.Debug|iPhoneSimulator.Deploy.0 = Debug|Any CPU
		{37740BB9-46CD-4801-823D-4250FAB493F8}.Debug|x64.ActiveCfg = Debug|Any CPU
		{37740BB9-46CD-4801-823D-4250FAB493F8}.Debug|x64.Build.0 = Debug|Any CPU
		{37740BB9-46CD-4801-823D-4250FAB493F8}.Debug|x64.Deploy.0 = Debug|Any CPU
		{37740BB9-46CD-4801-823D-4250FAB493F8}.Debug|x86.ActiveCfg = Debug|Any CPU
		{37740BB9-46CD-4801-823D-4250FAB493F8}.Debug|x86.Build.0 = Debug|Any CPU
		{37740BB9-46CD-4801-823D-4250FAB493F8}.Debug|x86.Deploy.0 = Debug|Any CPU
		{37740BB9-46CD-4801-823D-4250FAB493F8}.Release|Any CPU.ActiveCfg = Release|Any CPU
		{37740BB9-46CD-4801-823D-4250FAB493F8}.Release|Any CPU.Build.0 = Release|Any CPU
		{37740BB9-46CD-4801-823D-4250FAB493F8}.Release|Any CPU.Deploy.0 = Release|Any CPU
		{37740BB9-46CD-4801-823D-4250FAB493F8}.Release|ARM.ActiveCfg = Release|Any CPU
		{37740BB9-46CD-4801-823D-4250FAB493F8}.Release|ARM.Build.0 = Release|Any CPU
		{37740BB9-46CD-4801-823D-4250FAB493F8}.Release|ARM.Deploy.0 = Release|Any CPU
		{37740BB9-46CD-4801-823D-4250FAB493F8}.Release|iPhone.ActiveCfg = Release|Any CPU
		{37740BB9-46CD-4801-823D-4250FAB493F8}.Release|iPhone.Build.0 = Release|Any CPU
		{37740BB9-46CD-4801-823D-4250FAB493F8}.Release|iPhone.Deploy.0 = Release|Any CPU
		{37740BB9-46CD-4801-823D-4250FAB493F8}.Release|iPhoneSimulator.ActiveCfg = Release|Any CPU
		{37740BB9-46CD-4801-823D-4250FAB493F8}.Release|iPhoneSimulator.Build.0 = Release|Any CPU
		{37740BB9-46CD-4801-823D-4250FAB493F8}.Release|iPhoneSimulator.Deploy.0 = Release|Any CPU
		{37740BB9-46CD-4801-823D-4250FAB493F8}.Release|x64.ActiveCfg = Release|Any CPU
		{37740BB9-46CD-4801-823D-4250FAB493F8}.Release|x64.Build.0 = Release|Any CPU
		{37740BB9-46CD-4801-823D-4250FAB493F8}.Release|x64.Deploy.0 = Release|Any CPU
		{37740BB9-46CD-4801-823D-4250FAB493F8}.Release|x86.ActiveCfg = Release|Any CPU
		{37740BB9-46CD-4801-823D-4250FAB493F8}.Release|x86.Build.0 = Release|Any CPU
		{37740BB9-46CD-4801-823D-4250FAB493F8}.Release|x86.Deploy.0 = Release|Any CPU
		{568553B2-3157-4608-95C9-FCB95D1DBB95}.Debug|Any CPU.ActiveCfg = Debug|iPhone
		{568553B2-3157-4608-95C9-FCB95D1DBB95}.Debug|Any CPU.Build.0 = Debug|iPhone
		{568553B2-3157-4608-95C9-FCB95D1DBB95}.Debug|Any CPU.Deploy.0 = Debug|iPhone
		{568553B2-3157-4608-95C9-FCB95D1DBB95}.Debug|ARM.ActiveCfg = Debug|iPhoneSimulator
		{568553B2-3157-4608-95C9-FCB95D1DBB95}.Debug|ARM.Build.0 = Debug|iPhoneSimulator
		{568553B2-3157-4608-95C9-FCB95D1DBB95}.Debug|ARM.Deploy.0 = Debug|iPhoneSimulator
		{568553B2-3157-4608-95C9-FCB95D1DBB95}.Debug|iPhone.ActiveCfg = Debug|iPhone
		{568553B2-3157-4608-95C9-FCB95D1DBB95}.Debug|iPhone.Build.0 = Debug|iPhone
		{568553B2-3157-4608-95C9-FCB95D1DBB95}.Debug|iPhone.Deploy.0 = Debug|iPhone
		{568553B2-3157-4608-95C9-FCB95D1DBB95}.Debug|iPhoneSimulator.ActiveCfg = Debug|iPhoneSimulator
		{568553B2-3157-4608-95C9-FCB95D1DBB95}.Debug|iPhoneSimulator.Build.0 = Debug|iPhoneSimulator
		{568553B2-3157-4608-95C9-FCB95D1DBB95}.Debug|iPhoneSimulator.Deploy.0 = Debug|iPhoneSimulator
		{568553B2-3157-4608-95C9-FCB95D1DBB95}.Debug|x64.ActiveCfg = Debug|iPhone
		{568553B2-3157-4608-95C9-FCB95D1DBB95}.Debug|x64.Build.0 = Debug|iPhone
		{568553B2-3157-4608-95C9-FCB95D1DBB95}.Debug|x64.Deploy.0 = Debug|iPhone
		{568553B2-3157-4608-95C9-FCB95D1DBB95}.Debug|x86.ActiveCfg = Debug|iPhone
		{568553B2-3157-4608-95C9-FCB95D1DBB95}.Debug|x86.Build.0 = Debug|iPhone
		{568553B2-3157-4608-95C9-FCB95D1DBB95}.Debug|x86.Deploy.0 = Debug|iPhone
		{568553B2-3157-4608-95C9-FCB95D1DBB95}.Release|Any CPU.ActiveCfg = Release|iPhone
		{568553B2-3157-4608-95C9-FCB95D1DBB95}.Release|Any CPU.Build.0 = Release|iPhone
		{568553B2-3157-4608-95C9-FCB95D1DBB95}.Release|Any CPU.Deploy.0 = Release|iPhone
		{568553B2-3157-4608-95C9-FCB95D1DBB95}.Release|ARM.ActiveCfg = Release|iPhone
		{568553B2-3157-4608-95C9-FCB95D1DBB95}.Release|ARM.Build.0 = Release|iPhone
		{568553B2-3157-4608-95C9-FCB95D1DBB95}.Release|ARM.Deploy.0 = Release|iPhone
		{568553B2-3157-4608-95C9-FCB95D1DBB95}.Release|iPhone.ActiveCfg = Release|iPhone
		{568553B2-3157-4608-95C9-FCB95D1DBB95}.Release|iPhone.Build.0 = Release|iPhone
		{568553B2-3157-4608-95C9-FCB95D1DBB95}.Release|iPhone.Deploy.0 = Release|iPhone
		{568553B2-3157-4608-95C9-FCB95D1DBB95}.Release|iPhoneSimulator.ActiveCfg = Release|iPhoneSimulator
		{568553B2-3157-4608-95C9-FCB95D1DBB95}.Release|iPhoneSimulator.Build.0 = Release|iPhoneSimulator
		{568553B2-3157-4608-95C9-FCB95D1DBB95}.Release|iPhoneSimulator.Deploy.0 = Release|iPhoneSimulator
		{568553B2-3157-4608-95C9-FCB95D1DBB95}.Release|x64.ActiveCfg = Release|iPhone
		{568553B2-3157-4608-95C9-FCB95D1DBB95}.Release|x64.Build.0 = Release|iPhone
		{568553B2-3157-4608-95C9-FCB95D1DBB95}.Release|x64.Deploy.0 = Release|iPhone
		{568553B2-3157-4608-95C9-FCB95D1DBB95}.Release|x86.ActiveCfg = Release|iPhone
		{568553B2-3157-4608-95C9-FCB95D1DBB95}.Release|x86.Build.0 = Release|iPhone
		{568553B2-3157-4608-95C9-FCB95D1DBB95}.Release|x86.Deploy.0 = Release|iPhone
		{90707F5B-5F6D-4DE4-A640-540CF1F71B24}.Debug|Any CPU.ActiveCfg = Debug|Any CPU
		{90707F5B-5F6D-4DE4-A640-540CF1F71B24}.Debug|Any CPU.Build.0 = Debug|Any CPU
		{90707F5B-5F6D-4DE4-A640-540CF1F71B24}.Debug|Any CPU.Deploy.0 = Debug|Any CPU
		{90707F5B-5F6D-4DE4-A640-540CF1F71B24}.Debug|ARM.ActiveCfg = Debug|Any CPU
		{90707F5B-5F6D-4DE4-A640-540CF1F71B24}.Debug|ARM.Build.0 = Debug|Any CPU
		{90707F5B-5F6D-4DE4-A640-540CF1F71B24}.Debug|ARM.Deploy.0 = Debug|Any CPU
		{90707F5B-5F6D-4DE4-A640-540CF1F71B24}.Debug|iPhone.ActiveCfg = Debug|Any CPU
		{90707F5B-5F6D-4DE4-A640-540CF1F71B24}.Debug|iPhone.Build.0 = Debug|Any CPU
		{90707F5B-5F6D-4DE4-A640-540CF1F71B24}.Debug|iPhone.Deploy.0 = Debug|Any CPU
		{90707F5B-5F6D-4DE4-A640-540CF1F71B24}.Debug|iPhoneSimulator.ActiveCfg = Debug|Any CPU
		{90707F5B-5F6D-4DE4-A640-540CF1F71B24}.Debug|iPhoneSimulator.Build.0 = Debug|Any CPU
		{90707F5B-5F6D-4DE4-A640-540CF1F71B24}.Debug|iPhoneSimulator.Deploy.0 = Debug|Any CPU
		{90707F5B-5F6D-4DE4-A640-540CF1F71B24}.Debug|x64.ActiveCfg = Debug|Any CPU
		{90707F5B-5F6D-4DE4-A640-540CF1F71B24}.Debug|x64.Build.0 = Debug|Any CPU
		{90707F5B-5F6D-4DE4-A640-540CF1F71B24}.Debug|x64.Deploy.0 = Debug|Any CPU
		{90707F5B-5F6D-4DE4-A640-540CF1F71B24}.Debug|x86.ActiveCfg = Debug|Any CPU
		{90707F5B-5F6D-4DE4-A640-540CF1F71B24}.Debug|x86.Build.0 = Debug|Any CPU
		{90707F5B-5F6D-4DE4-A640-540CF1F71B24}.Debug|x86.Deploy.0 = Debug|Any CPU
		{90707F5B-5F6D-4DE4-A640-540CF1F71B24}.Release|Any CPU.ActiveCfg = Release|Any CPU
		{90707F5B-5F6D-4DE4-A640-540CF1F71B24}.Release|Any CPU.Build.0 = Release|Any CPU
		{90707F5B-5F6D-4DE4-A640-540CF1F71B24}.Release|Any CPU.Deploy.0 = Release|Any CPU
		{90707F5B-5F6D-4DE4-A640-540CF1F71B24}.Release|ARM.ActiveCfg = Release|Any CPU
		{90707F5B-5F6D-4DE4-A640-540CF1F71B24}.Release|ARM.Build.0 = Release|Any CPU
		{90707F5B-5F6D-4DE4-A640-540CF1F71B24}.Release|ARM.Deploy.0 = Release|Any CPU
		{90707F5B-5F6D-4DE4-A640-540CF1F71B24}.Release|iPhone.ActiveCfg = Release|Any CPU
		{90707F5B-5F6D-4DE4-A640-540CF1F71B24}.Release|iPhone.Build.0 = Release|Any CPU
		{90707F5B-5F6D-4DE4-A640-540CF1F71B24}.Release|iPhone.Deploy.0 = Release|Any CPU
		{90707F5B-5F6D-4DE4-A640-540CF1F71B24}.Release|iPhoneSimulator.ActiveCfg = Release|Any CPU
		{90707F5B-5F6D-4DE4-A640-540CF1F71B24}.Release|iPhoneSimulator.Build.0 = Release|Any CPU
		{90707F5B-5F6D-4DE4-A640-540CF1F71B24}.Release|iPhoneSimulator.Deploy.0 = Release|Any CPU
		{90707F5B-5F6D-4DE4-A640-540CF1F71B24}.Release|x64.ActiveCfg = Release|Any CPU
		{90707F5B-5F6D-4DE4-A640-540CF1F71B24}.Release|x64.Build.0 = Release|Any CPU
		{90707F5B-5F6D-4DE4-A640-540CF1F71B24}.Release|x64.Deploy.0 = Release|Any CPU
		{90707F5B-5F6D-4DE4-A640-540CF1F71B24}.Release|x86.ActiveCfg = Release|Any CPU
		{90707F5B-5F6D-4DE4-A640-540CF1F71B24}.Release|x86.Build.0 = Release|Any CPU
		{90707F5B-5F6D-4DE4-A640-540CF1F71B24}.Release|x86.Deploy.0 = Release|Any CPU
	EndGlobalSection
	GlobalSection(SolutionProperties) = preSolution
		HideSolutionNode = FALSE
	EndGlobalSection
	GlobalSection(ExtensibilityGlobals) = postSolution
		SolutionGuid = {959936D1-AF6B-4972-A434-A393842B8F6B}
	EndGlobalSection
EndGlobal
