
Microsoft Visual Studio Solution File, Format Version 12.00
# Visual Studio Version 16
VisualStudioVersion = 16.0.29009.5
MinimumVisualStudioVersion = 10.0.40219.1
Project("{FAE04EC0-301F-11D3-BF4B-00C04F79EFBC}") = "App03_LayoutXF.UWP", "App03_LayoutXF.UWP\App03_LayoutXF.UWP.csproj", "{A14AFA3D-FDD2-491E-A864-18883348FE36}"
EndProject
Project("{FAE04EC0-301F-11D3-BF4B-00C04F79EFBC}") = "App03_LayoutXF.Android", "App03_LayoutXF.Android\App03_LayoutXF.Android.csproj", "{B903CBA5-3348-490F-9E2C-D55D97D9DCD9}"
EndProject
Project("{FAE04EC0-301F-11D3-BF4B-00C04F79EFBC}") = "App03_LayoutXF.iOS", "App03_LayoutXF.iOS\App03_LayoutXF.iOS.csproj", "{0FB4A800-0D6F-4BA7-BAB5-FFBB22551C3D}"
EndProject
Project("{FAE04EC0-301F-11D3-BF4B-00C04F79EFBC}") = "App03_LayoutXF", "App03_LayoutXF\App03_LayoutXF.csproj", "{5BF90F5E-651E-4E5F-BDF4-402C289FC106}"
EndProject
Global
	GlobalSection(SolutionConfigurationPlatforms) = preSolution
		Debug|Any CPU = Debug|Any CPU
		Debug|ARM = Debug|ARM
		Debug|iPhone = Debug|iPhone
		Debug|iPhoneSimulator = Debug|iPhoneSimulator
		Debug|x64 = Debug|x64
		Debug|x86 = Debug|x86
		Release|Any CPU = Release|Any CPU
		Release|ARM = Release|ARM
		Release|iPhone = Release|iPhone
		Release|iPhoneSimulator = Release|iPhoneSimulator
		Release|x64 = Release|x64
		Release|x86 = Release|x86
	EndGlobalSection
	GlobalSection(ProjectConfigurationPlatforms) = postSolution
		{A14AFA3D-FDD2-491E-A864-18883348FE36}.Debug|Any CPU.ActiveCfg = Debug|x86
		{A14AFA3D-FDD2-491E-A864-18883348FE36}.Debug|Any CPU.Build.0 = Debug|x86
		{A14AFA3D-FDD2-491E-A864-18883348FE36}.Debug|Any CPU.Deploy.0 = Debug|x86
		{A14AFA3D-FDD2-491E-A864-18883348FE36}.Debug|ARM.ActiveCfg = Debug|ARM
		{A14AFA3D-FDD2-491E-A864-18883348FE36}.Debug|ARM.Build.0 = Debug|ARM
		{A14AFA3D-FDD2-491E-A864-18883348FE36}.Debug|ARM.Deploy.0 = Debug|ARM
		{A14AFA3D-FDD2-491E-A864-18883348FE36}.Debug|iPhone.ActiveCfg = Debug|x86
		{A14AFA3D-FDD2-491E-A864-18883348FE36}.Debug|iPhone.Build.0 = Debug|x86
		{A14AFA3D-FDD2-491E-A864-18883348FE36}.Debug|iPhone.Deploy.0 = Debug|x86
		{A14AFA3D-FDD2-491E-A864-18883348FE36}.Debug|iPhoneSimulator.ActiveCfg = Debug|x86
		{A14AFA3D-FDD2-491E-A864-18883348FE36}.Debug|iPhoneSimulator.Build.0 = Debug|x86
		{A14AFA3D-FDD2-491E-A864-18883348FE36}.Debug|iPhoneSimulator.Deploy.0 = Debug|x86
		{A14AFA3D-FDD2-491E-A864-18883348FE36}.Debug|x64.ActiveCfg = Debug|x64
		{A14AFA3D-FDD2-491E-A864-18883348FE36}.Debug|x64.Build.0 = Debug|x64
		{A14AFA3D-FDD2-491E-A864-18883348FE36}.Debug|x64.Deploy.0 = Debug|x64
		{A14AFA3D-FDD2-491E-A864-18883348FE36}.Debug|x86.ActiveCfg = Debug|x86
		{A14AFA3D-FDD2-491E-A864-18883348FE36}.Debug|x86.Build.0 = Debug|x86
		{A14AFA3D-FDD2-491E-A864-18883348FE36}.Debug|x86.Deploy.0 = Debug|x86
		{A14AFA3D-FDD2-491E-A864-18883348FE36}.Release|Any CPU.ActiveCfg = Release|x86
		{A14AFA3D-FDD2-491E-A864-18883348FE36}.Release|Any CPU.Build.0 = Release|x86
		{A14AFA3D-FDD2-491E-A864-18883348FE36}.Release|Any CPU.Deploy.0 = Release|x86
		{A14AFA3D-FDD2-491E-A864-18883348FE36}.Release|ARM.ActiveCfg = Release|ARM
		{A14AFA3D-FDD2-491E-A864-18883348FE36}.Release|ARM.Build.0 = Release|ARM
		{A14AFA3D-FDD2-491E-A864-18883348FE36}.Release|ARM.Deploy.0 = Release|ARM
		{A14AFA3D-FDD2-491E-A864-18883348FE36}.Release|iPhone.ActiveCfg = Release|x86
		{A14AFA3D-FDD2-491E-A864-18883348FE36}.Release|iPhone.Build.0 = Release|x86
		{A14AFA3D-FDD2-491E-A864-18883348FE36}.Release|iPhone.Deploy.0 = Release|x86
		{A14AFA3D-FDD2-491E-A864-18883348FE36}.Release|iPhoneSimulator.ActiveCfg = Release|x86
		{A14AFA3D-FDD2-491E-A864-18883348FE36}.Release|iPhoneSimulator.Build.0 = Release|x86
		{A14AFA3D-FDD2-491E-A864-18883348FE36}.Release|iPhoneSimulator.Deploy.0 = Release|x86
		{A14AFA3D-FDD2-491E-A864-18883348FE36}.Release|x64.ActiveCfg = Release|x64
		{A14AFA3D-FDD2-491E-A864-18883348FE36}.Release|x64.Build.0 = Release|x64
		{A14AFA3D-FDD2-491E-A864-18883348FE36}.Release|x64.Deploy.0 = Release|x64
		{A14AFA3D-FDD2-491E-A864-18883348FE36}.Release|x86.ActiveCfg = Release|x86
		{A14AFA3D-FDD2-491E-A864-18883348FE36}.Release|x86.Build.0 = Release|x86
		{A14AFA3D-FDD2-491E-A864-18883348FE36}.Release|x86.Deploy.0 = Release|x86
		{B903CBA5-3348-490F-9E2C-D55D97D9DCD9}.Debug|Any CPU.ActiveCfg = Debug|Any CPU
		{B903CBA5-3348-490F-9E2C-D55D97D9DCD9}.Debug|Any CPU.Build.0 = Debug|Any CPU
		{B903CBA5-3348-490F-9E2C-D55D97D9DCD9}.Debug|Any CPU.Deploy.0 = Debug|Any CPU
		{B903CBA5-3348-490F-9E2C-D55D97D9DCD9}.Debug|ARM.ActiveCfg = Debug|Any CPU
		{B903CBA5-3348-490F-9E2C-D55D97D9DCD9}.Debug|ARM.Build.0 = Debug|Any CPU
		{B903CBA5-3348-490F-9E2C-D55D97D9DCD9}.Debug|ARM.Deploy.0 = Debug|Any CPU
		{B903CBA5-3348-490F-9E2C-D55D97D9DCD9}.Debug|iPhone.ActiveCfg = Debug|Any CPU
		{B903CBA5-3348-490F-9E2C-D55D97D9DCD9}.Debug|iPhone.Build.0 = Debug|Any CPU
		{B903CBA5-3348-490F-9E2C-D55D97D9DCD9}.Debug|iPhone.Deploy.0 = Debug|Any CPU
		{B903CBA5-3348-490F-9E2C-D55D97D9DCD9}.Debug|iPhoneSimulator.ActiveCfg = Debug|Any CPU
		{B903CBA5-3348-490F-9E2C-D55D97D9DCD9}.Debug|iPhoneSimulator.Build.0 = Debug|Any CPU
		{B903CBA5-3348-490F-9E2C-D55D97D9DCD9}.Debug|iPhoneSimulator.Deploy.0 = Debug|Any CPU
		{B903CBA5-3348-490F-9E2C-D55D97D9DCD9}.Debug|x64.ActiveCfg = Debug|Any CPU
		{B903CBA5-3348-490F-9E2C-D55D97D9DCD9}.Debug|x64.Build.0 = Debug|Any CPU
		{B903CBA5-3348-490F-9E2C-D55D97D9DCD9}.Debug|x64.Deploy.0 = Debug|Any CPU
		{B903CBA5-3348-490F-9E2C-D55D97D9DCD9}.Debug|x86.ActiveCfg = Debug|Any CPU
		{B903CBA5-3348-490F-9E2C-D55D97D9DCD9}.Debug|x86.Build.0 = Debug|Any CPU
		{B903CBA5-3348-490F-9E2C-D55D97D9DCD9}.Debug|x86.Deploy.0 = Debug|Any CPU
		{B903CBA5-3348-490F-9E2C-D55D97D9DCD9}.Release|Any CPU.ActiveCfg = Release|Any CPU
		{B903CBA5-3348-490F-9E2C-D55D97D9DCD9}.Release|Any CPU.Build.0 = Release|Any CPU
		{B903CBA5-3348-490F-9E2C-D55D97D9DCD9}.Release|Any CPU.Deploy.0 = Release|Any CPU
		{B903CBA5-3348-490F-9E2C-D55D97D9DCD9}.Release|ARM.ActiveCfg = Release|Any CPU
		{B903CBA5-3348-490F-9E2C-D55D97D9DCD9}.Release|ARM.Build.0 = Release|Any CPU
		{B903CBA5-3348-490F-9E2C-D55D97D9DCD9}.Release|ARM.Deploy.0 = Release|Any CPU
		{B903CBA5-3348-490F-9E2C-D55D97D9DCD9}.Release|iPhone.ActiveCfg = Release|Any CPU
		{B903CBA5-3348-490F-9E2C-D55D97D9DCD9}.Release|iPhone.Build.0 = Release|Any CPU
		{B903CBA5-3348-490F-9E2C-D55D97D9DCD9}.Release|iPhone.Deploy.0 = Release|Any CPU
		{B903CBA5-3348-490F-9E2C-D55D97D9DCD9}.Release|iPhoneSimulator.ActiveCfg = Release|Any CPU
		{B903CBA5-3348-490F-9E2C-D55D97D9DCD9}.Release|iPhoneSimulator.Build.0 = Release|Any CPU
		{B903CBA5-3348-490F-9E2C-D55D97D9DCD9}.Release|iPhoneSimulator.Deploy.0 = Release|Any CPU
		{B903CBA5-3348-490F-9E2C-D55D97D9DCD9}.Release|x64.ActiveCfg = Release|Any CPU
		{B903CBA5-3348-490F-9E2C-D55D97D9DCD9}.Release|x64.Build.0 = Release|Any CPU
		{B903CBA5-3348-490F-9E2C-D55D97D9DCD9}.Release|x64.Deploy.0 = Release|Any CPU
		{B903CBA5-3348-490F-9E2C-D55D97D9DCD9}.Release|x86.ActiveCfg = Release|Any CPU
		{B903CBA5-3348-490F-9E2C-D55D97D9DCD9}.Release|x86.Build.0 = Release|Any CPU
		{B903CBA5-3348-490F-9E2C-D55D97D9DCD9}.Release|x86.Deploy.0 = Release|Any CPU
		{0FB4A800-0D6F-4BA7-BAB5-FFBB22551C3D}.Debug|Any CPU.ActiveCfg = Debug|iPhone
		{0FB4A800-0D6F-4BA7-BAB5-FFBB22551C3D}.Debug|Any CPU.Build.0 = Debug|iPhone
		{0FB4A800-0D6F-4BA7-BAB5-FFBB22551C3D}.Debug|Any CPU.Deploy.0 = Debug|iPhone
		{0FB4A800-0D6F-4BA7-BAB5-FFBB22551C3D}.Debug|ARM.ActiveCfg = Debug|iPhoneSimulator
		{0FB4A800-0D6F-4BA7-BAB5-FFBB22551C3D}.Debug|ARM.Build.0 = Debug|iPhoneSimulator
		{0FB4A800-0D6F-4BA7-BAB5-FFBB22551C3D}.Debug|ARM.Deploy.0 = Debug|iPhoneSimulator
		{0FB4A800-0D6F-4BA7-BAB5-FFBB22551C3D}.Debug|iPhone.ActiveCfg = Debug|iPhone
		{0FB4A800-0D6F-4BA7-BAB5-FFBB22551C3D}.Debug|iPhone.Build.0 = Debug|iPhone
		{0FB4A800-0D6F-4BA7-BAB5-FFBB22551C3D}.Debug|iPhone.Deploy.0 = Debug|iPhone
		{0FB4A800-0D6F-4BA7-BAB5-FFBB22551C3D}.Debug|iPhoneSimulator.ActiveCfg = Debug|iPhoneSimulator
		{0FB4A800-0D6F-4BA7-BAB5-FFBB22551C3D}.Debug|iPhoneSimulator.Build.0 = Debug|iPhoneSimulator
		{0FB4A800-0D6F-4BA7-BAB5-FFBB22551C3D}.Debug|iPhoneSimulator.Deploy.0 = Debug|iPhoneSimulator
		{0FB4A800-0D6F-4BA7-BAB5-FFBB22551C3D}.Debug|x64.ActiveCfg = Debug|iPhone
		{0FB4A800-0D6F-4BA7-BAB5-FFBB22551C3D}.Debug|x64.Build.0 = Debug|iPhone
		{0FB4A800-0D6F-4BA7-BAB5-FFBB22551C3D}.Debug|x64.Deploy.0 = Debug|iPhone
		{0FB4A800-0D6F-4BA7-BAB5-FFBB22551C3D}.Debug|x86.ActiveCfg = Debug|iPhone
		{0FB4A800-0D6F-4BA7-BAB5-FFBB22551C3D}.Debug|x86.Build.0 = Debug|iPhone
		{0FB4A800-0D6F-4BA7-BAB5-FFBB22551C3D}.Debug|x86.Deploy.0 = Debug|iPhone
		{0FB4A800-0D6F-4BA7-BAB5-FFBB22551C3D}.Release|Any CPU.ActiveCfg = Release|iPhone
		{0FB4A800-0D6F-4BA7-BAB5-FFBB22551C3D}.Release|Any CPU.Build.0 = Release|iPhone
		{0FB4A800-0D6F-4BA7-BAB5-FFBB22551C3D}.Release|Any CPU.Deploy.0 = Release|iPhone
		{0FB4A800-0D6F-4BA7-BAB5-FFBB22551C3D}.Release|ARM.ActiveCfg = Release|iPhone
		{0FB4A800-0D6F-4BA7-BAB5-FFBB22551C3D}.Release|ARM.Build.0 = Release|iPhone
		{0FB4A800-0D6F-4BA7-BAB5-FFBB22551C3D}.Release|ARM.Deploy.0 = Release|iPhone
		{0FB4A800-0D6F-4BA7-BAB5-FFBB22551C3D}.Release|iPhone.ActiveCfg = Release|iPhone
		{0FB4A800-0D6F-4BA7-BAB5-FFBB22551C3D}.Release|iPhone.Build.0 = Release|iPhone
		{0FB4A800-0D6F-4BA7-BAB5-FFBB22551C3D}.Release|iPhone.Deploy.0 = Release|iPhone
		{0FB4A800-0D6F-4BA7-BAB5-FFBB22551C3D}.Release|iPhoneSimulator.ActiveCfg = Release|iPhoneSimulator
		{0FB4A800-0D6F-4BA7-BAB5-FFBB22551C3D}.Release|iPhoneSimulator.Build.0 = Release|iPhoneSimulator
		{0FB4A800-0D6F-4BA7-BAB5-FFBB22551C3D}.Release|iPhoneSimulator.Deploy.0 = Release|iPhoneSimulator
		{0FB4A800-0D6F-4BA7-BAB5-FFBB22551C3D}.Release|x64.ActiveCfg = Release|iPhone
		{0FB4A800-0D6F-4BA7-BAB5-FFBB22551C3D}.Release|x64.Build.0 = Release|iPhone
		{0FB4A800-0D6F-4BA7-BAB5-FFBB22551C3D}.Release|x64.Deploy.0 = Release|iPhone
		{0FB4A800-0D6F-4BA7-BAB5-FFBB22551C3D}.Release|x86.ActiveCfg = Release|iPhone
		{0FB4A800-0D6F-4BA7-BAB5-FFBB22551C3D}.Release|x86.Build.0 = Release|iPhone
		{0FB4A800-0D6F-4BA7-BAB5-FFBB22551C3D}.Release|x86.Deploy.0 = Release|iPhone
		{5BF90F5E-651E-4E5F-BDF4-402C289FC106}.Debug|Any CPU.ActiveCfg = Debug|Any CPU
		{5BF90F5E-651E-4E5F-BDF4-402C289FC106}.Debug|Any CPU.Build.0 = Debug|Any CPU
		{5BF90F5E-651E-4E5F-BDF4-402C289FC106}.Debug|Any CPU.Deploy.0 = Debug|Any CPU
		{5BF90F5E-651E-4E5F-BDF4-402C289FC106}.Debug|ARM.ActiveCfg = Debug|Any CPU
		{5BF90F5E-651E-4E5F-BDF4-402C289FC106}.Debug|ARM.Build.0 = Debug|Any CPU
		{5BF90F5E-651E-4E5F-BDF4-402C289FC106}.Debug|ARM.Deploy.0 = Debug|Any CPU
		{5BF90F5E-651E-4E5F-BDF4-402C289FC106}.Debug|iPhone.ActiveCfg = Debug|Any CPU
		{5BF90F5E-651E-4E5F-BDF4-402C289FC106}.Debug|iPhone.Build.0 = Debug|Any CPU
		{5BF90F5E-651E-4E5F-BDF4-402C289FC106}.Debug|iPhone.Deploy.0 = Debug|Any CPU
		{5BF90F5E-651E-4E5F-BDF4-402C289FC106}.Debug|iPhoneSimulator.ActiveCfg = Debug|Any CPU
		{5BF90F5E-651E-4E5F-BDF4-402C289FC106}.Debug|iPhoneSimulator.Build.0 = Debug|Any CPU
		{5BF90F5E-651E-4E5F-BDF4-402C289FC106}.Debug|iPhoneSimulator.Deploy.0 = Debug|Any CPU
		{5BF90F5E-651E-4E5F-BDF4-402C289FC106}.Debug|x64.ActiveCfg = Debug|Any CPU
		{5BF90F5E-651E-4E5F-BDF4-402C289FC106}.Debug|x64.Build.0 = Debug|Any CPU
		{5BF90F5E-651E-4E5F-BDF4-402C289FC106}.Debug|x64.Deploy.0 = Debug|Any CPU
		{5BF90F5E-651E-4E5F-BDF4-402C289FC106}.Debug|x86.ActiveCfg = Debug|Any CPU
		{5BF90F5E-651E-4E5F-BDF4-402C289FC106}.Debug|x86.Build.0 = Debug|Any CPU
		{5BF90F5E-651E-4E5F-BDF4-402C289FC106}.Debug|x86.Deploy.0 = Debug|Any CPU
		{5BF90F5E-651E-4E5F-BDF4-402C289FC106}.Release|Any CPU.ActiveCfg = Release|Any CPU
		{5BF90F5E-651E-4E5F-BDF4-402C289FC106}.Release|Any CPU.Build.0 = Release|Any CPU
		{5BF90F5E-651E-4E5F-BDF4-402C289FC106}.Release|Any CPU.Deploy.0 = Release|Any CPU
		{5BF90F5E-651E-4E5F-BDF4-402C289FC106}.Release|ARM.ActiveCfg = Release|Any CPU
		{5BF90F5E-651E-4E5F-BDF4-402C289FC106}.Release|ARM.Build.0 = Release|Any CPU
		{5BF90F5E-651E-4E5F-BDF4-402C289FC106}.Release|ARM.Deploy.0 = Release|Any CPU
		{5BF90F5E-651E-4E5F-BDF4-402C289FC106}.Release|iPhone.ActiveCfg = Release|Any CPU
		{5BF90F5E-651E-4E5F-BDF4-402C289FC106}.Release|iPhone.Build.0 = Release|Any CPU
		{5BF90F5E-651E-4E5F-BDF4-402C289FC106}.Release|iPhone.Deploy.0 = Release|Any CPU
		{5BF90F5E-651E-4E5F-BDF4-402C289FC106}.Release|iPhoneSimulator.ActiveCfg = Release|Any CPU
		{5BF90F5E-651E-4E5F-BDF4-402C289FC106}.Release|iPhoneSimulator.Build.0 = Release|Any CPU
		{5BF90F5E-651E-4E5F-BDF4-402C289FC106}.Release|iPhoneSimulator.Deploy.0 = Release|Any CPU
		{5BF90F5E-651E-4E5F-BDF4-402C289FC106}.Release|x64.ActiveCfg = Release|Any CPU
		{5BF90F5E-651E-4E5F-BDF4-402C289FC106}.Release|x64.Build.0 = Release|Any CPU
		{5BF90F5E-651E-4E5F-BDF4-402C289FC106}.Release|x64.Deploy.0 = Release|Any CPU
		{5BF90F5E-651E-4E5F-BDF4-402C289FC106}.Release|x86.ActiveCfg = Release|Any CPU
		{5BF90F5E-651E-4E5F-BDF4-402C289FC106}.Release|x86.Build.0 = Release|Any CPU
		{5BF90F5E-651E-4E5F-BDF4-402C289FC106}.Release|x86.Deploy.0 = Release|Any CPU
	EndGlobalSection
	GlobalSection(SolutionProperties) = preSolution
		HideSolutionNode = FALSE
	EndGlobalSection
	GlobalSection(ExtensibilityGlobals) = postSolution
		SolutionGuid = {B37F5D77-20E6-4F4E-B72D-6E11DC2207DD}
	EndGlobalSection
EndGlobal
