
Microsoft Visual Studio Solution File, Format Version 12.00
# Visual Studio Version 16
VisualStudioVersion = 16.0.29009.5
MinimumVisualStudioVersion = 10.0.40219.1
Project("{FAE04EC0-301F-11D3-BF4B-00C04F79EFBC}") = "App04_Xamarin.UWP", "App04_Xamarin.UWP\App04_Xamarin.UWP.csproj", "{C6277F66-958D-4943-9D18-B7F846B48EE1}"
EndProject
Project("{FAE04EC0-301F-11D3-BF4B-00C04F79EFBC}") = "App04_Xamarin.Android", "App04_Xamarin.Android\App04_Xamarin.Android.csproj", "{46B8A687-3ECD-4EE0-B603-ECF399BD87F4}"
EndProject
Project("{FAE04EC0-301F-11D3-BF4B-00C04F79EFBC}") = "App04_Xamarin.iOS", "App04_Xamarin.iOS\App04_Xamarin.iOS.csproj", "{E0B0E485-E8A3-4EFF-8BA9-D83723F8BB13}"
EndProject
Project("{FAE04EC0-301F-11D3-BF4B-00C04F79EFBC}") = "App04_Xamarin", "App04_Xamarin\App04_Xamarin.csproj", "{929D24EF-3CF9-4BEB-A64F-F3DF7C720447}"
EndProject
Global
	GlobalSection(SolutionConfigurationPlatforms) = preSolution
		Debug|Any CPU = Debug|Any CPU
		Debug|ARM = Debug|ARM
		Debug|iPhone = Debug|iPhone
		Debug|iPhoneSimulator = Debug|iPhoneSimulator
		Debug|x64 = Debug|x64
		Debug|x86 = Debug|x86
		Release|Any CPU = Release|Any CPU
		Release|ARM = Release|ARM
		Release|iPhone = Release|iPhone
		Release|iPhoneSimulator = Release|iPhoneSimulator
		Release|x64 = Release|x64
		Release|x86 = Release|x86
	EndGlobalSection
	GlobalSection(ProjectConfigurationPlatforms) = postSolution
		{C6277F66-958D-4943-9D18-B7F846B48EE1}.Debug|Any CPU.ActiveCfg = Debug|x86
		{C6277F66-958D-4943-9D18-B7F846B48EE1}.Debug|Any CPU.Build.0 = Debug|x86
		{C6277F66-958D-4943-9D18-B7F846B48EE1}.Debug|Any CPU.Deploy.0 = Debug|x86
		{C6277F66-958D-4943-9D18-B7F846B48EE1}.Debug|ARM.ActiveCfg = Debug|ARM
		{C6277F66-958D-4943-9D18-B7F846B48EE1}.Debug|ARM.Build.0 = Debug|ARM
		{C6277F66-958D-4943-9D18-B7F846B48EE1}.Debug|ARM.Deploy.0 = Debug|ARM
		{C6277F66-958D-4943-9D18-B7F846B48EE1}.Debug|iPhone.ActiveCfg = Debug|x86
		{C6277F66-958D-4943-9D18-B7F846B48EE1}.Debug|iPhone.Build.0 = Debug|x86
		{C6277F66-958D-4943-9D18-B7F846B48EE1}.Debug|iPhone.Deploy.0 = Debug|x86
		{C6277F66-958D-4943-9D18-B7F846B48EE1}.Debug|iPhoneSimulator.ActiveCfg = Debug|x86
		{C6277F66-958D-4943-9D18-B7F846B48EE1}.Debug|iPhoneSimulator.Build.0 = Debug|x86
		{C6277F66-958D-4943-9D18-B7F846B48EE1}.Debug|iPhoneSimulator.Deploy.0 = Debug|x86
		{C6277F66-958D-4943-9D18-B7F846B48EE1}.Debug|x64.ActiveCfg = Debug|x64
		{C6277F66-958D-4943-9D18-B7F846B48EE1}.Debug|x64.Build.0 = Debug|x64
		{C6277F66-958D-4943-9D18-B7F846B48EE1}.Debug|x64.Deploy.0 = Debug|x64
		{C6277F66-958D-4943-9D18-B7F846B48EE1}.Debug|x86.ActiveCfg = Debug|x86
		{C6277F66-958D-4943-9D18-B7F846B48EE1}.Debug|x86.Build.0 = Debug|x86
		{C6277F66-958D-4943-9D18-B7F846B48EE1}.Debug|x86.Deploy.0 = Debug|x86
		{C6277F66-958D-4943-9D18-B7F846B48EE1}.Release|Any CPU.ActiveCfg = Release|x86
		{C6277F66-958D-4943-9D18-B7F846B48EE1}.Release|Any CPU.Build.0 = Release|x86
		{C6277F66-958D-4943-9D18-B7F846B48EE1}.Release|Any CPU.Deploy.0 = Release|x86
		{C6277F66-958D-4943-9D18-B7F846B48EE1}.Release|ARM.ActiveCfg = Release|ARM
		{C6277F66-958D-4943-9D18-B7F846B48EE1}.Release|ARM.Build.0 = Release|ARM
		{C6277F66-958D-4943-9D18-B7F846B48EE1}.Release|ARM.Deploy.0 = Release|ARM
		{C6277F66-958D-4943-9D18-B7F846B48EE1}.Release|iPhone.ActiveCfg = Release|x86
		{C6277F66-958D-4943-9D18-B7F846B48EE1}.Release|iPhone.Build.0 = Release|x86
		{C6277F66-958D-4943-9D18-B7F846B48EE1}.Release|iPhone.Deploy.0 = Release|x86
		{C6277F66-958D-4943-9D18-B7F846B48EE1}.Release|iPhoneSimulator.ActiveCfg = Release|x86
		{C6277F66-958D-4943-9D18-B7F846B48EE1}.Release|iPhoneSimulator.Build.0 = Release|x86
		{C6277F66-958D-4943-9D18-B7F846B48EE1}.Release|iPhoneSimulator.Deploy.0 = Release|x86
		{C6277F66-958D-4943-9D18-B7F846B48EE1}.Release|x64.ActiveCfg = Release|x64
		{C6277F66-958D-4943-9D18-B7F846B48EE1}.Release|x64.Build.0 = Release|x64
		{C6277F66-958D-4943-9D18-B7F846B48EE1}.Release|x64.Deploy.0 = Release|x64
		{C6277F66-958D-4943-9D18-B7F846B48EE1}.Release|x86.ActiveCfg = Release|x86
		{C6277F66-958D-4943-9D18-B7F846B48EE1}.Release|x86.Build.0 = Release|x86
		{C6277F66-958D-4943-9D18-B7F846B48EE1}.Release|x86.Deploy.0 = Release|x86
		{46B8A687-3ECD-4EE0-B603-ECF399BD87F4}.Debug|Any CPU.ActiveCfg = Debug|Any CPU
		{46B8A687-3ECD-4EE0-B603-ECF399BD87F4}.Debug|Any CPU.Build.0 = Debug|Any CPU
		{46B8A687-3ECD-4EE0-B603-ECF399BD87F4}.Debug|Any CPU.Deploy.0 = Debug|Any CPU
		{46B8A687-3ECD-4EE0-B603-ECF399BD87F4}.Debug|ARM.ActiveCfg = Debug|Any CPU
		{46B8A687-3ECD-4EE0-B603-ECF399BD87F4}.Debug|ARM.Build.0 = Debug|Any CPU
		{46B8A687-3ECD-4EE0-B603-ECF399BD87F4}.Debug|ARM.Deploy.0 = Debug|Any CPU
		{46B8A687-3ECD-4EE0-B603-ECF399BD87F4}.Debug|iPhone.ActiveCfg = Debug|Any CPU
		{46B8A687-3ECD-4EE0-B603-ECF399BD87F4}.Debug|iPhone.Build.0 = Debug|Any CPU
		{46B8A687-3ECD-4EE0-B603-ECF399BD87F4}.Debug|iPhone.Deploy.0 = Debug|Any CPU
		{46B8A687-3ECD-4EE0-B603-ECF399BD87F4}.Debug|iPhoneSimulator.ActiveCfg = Debug|Any CPU
		{46B8A687-3ECD-4EE0-B603-ECF399BD87F4}.Debug|iPhoneSimulator.Build.0 = Debug|Any CPU
		{46B8A687-3ECD-4EE0-B603-ECF399BD87F4}.Debug|iPhoneSimulator.Deploy.0 = Debug|Any CPU
		{46B8A687-3ECD-4EE0-B603-ECF399BD87F4}.Debug|x64.ActiveCfg = Debug|Any CPU
		{46B8A687-3ECD-4EE0-B603-ECF399BD87F4}.Debug|x64.Build.0 = Debug|Any CPU
		{46B8A687-3ECD-4EE0-B603-ECF399BD87F4}.Debug|x64.Deploy.0 = Debug|Any CPU
		{46B8A687-3ECD-4EE0-B603-ECF399BD87F4}.Debug|x86.ActiveCfg = Debug|Any CPU
		{46B8A687-3ECD-4EE0-B603-ECF399BD87F4}.Debug|x86.Build.0 = Debug|Any CPU
		{46B8A687-3ECD-4EE0-B603-ECF399BD87F4}.Debug|x86.Deploy.0 = Debug|Any CPU
		{46B8A687-3ECD-4EE0-B603-ECF399BD87F4}.Release|Any CPU.ActiveCfg = Release|Any CPU
		{46B8A687-3ECD-4EE0-B603-ECF399BD87F4}.Release|Any CPU.Build.0 = Release|Any CPU
		{46B8A687-3ECD-4EE0-B603-ECF399BD87F4}.Release|Any CPU.Deploy.0 = Release|Any CPU
		{46B8A687-3ECD-4EE0-B603-ECF399BD87F4}.Release|ARM.ActiveCfg = Release|Any CPU
		{46B8A687-3ECD-4EE0-B603-ECF399BD87F4}.Release|ARM.Build.0 = Release|Any CPU
		{46B8A687-3ECD-4EE0-B603-ECF399BD87F4}.Release|ARM.Deploy.0 = Release|Any CPU
		{46B8A687-3ECD-4EE0-B603-ECF399BD87F4}.Release|iPhone.ActiveCfg = Release|Any CPU
		{46B8A687-3ECD-4EE0-B603-ECF399BD87F4}.Release|iPhone.Build.0 = Release|Any CPU
		{46B8A687-3ECD-4EE0-B603-ECF399BD87F4}.Release|iPhone.Deploy.0 = Release|Any CPU
		{46B8A687-3ECD-4EE0-B603-ECF399BD87F4}.Release|iPhoneSimulator.ActiveCfg = Release|Any CPU
		{46B8A687-3ECD-4EE0-B603-ECF399BD87F4}.Release|iPhoneSimulator.Build.0 = Release|Any CPU
		{46B8A687-3ECD-4EE0-B603-ECF399BD87F4}.Release|iPhoneSimulator.Deploy.0 = Release|Any CPU
		{46B8A687-3ECD-4EE0-B603-ECF399BD87F4}.Release|x64.ActiveCfg = Release|Any CPU
		{46B8A687-3ECD-4EE0-B603-ECF399BD87F4}.Release|x64.Build.0 = Release|Any CPU
		{46B8A687-3ECD-4EE0-B603-ECF399BD87F4}.Release|x64.Deploy.0 = Release|Any CPU
		{46B8A687-3ECD-4EE0-B603-ECF399BD87F4}.Release|x86.ActiveCfg = Release|Any CPU
		{46B8A687-3ECD-4EE0-B603-ECF399BD87F4}.Release|x86.Build.0 = Release|Any CPU
		{46B8A687-3ECD-4EE0-B603-ECF399BD87F4}.Release|x86.Deploy.0 = Release|Any CPU
		{E0B0E485-E8A3-4EFF-8BA9-D83723F8BB13}.Debug|Any CPU.ActiveCfg = Debug|iPhone
		{E0B0E485-E8A3-4EFF-8BA9-D83723F8BB13}.Debug|Any CPU.Build.0 = Debug|iPhone
		{E0B0E485-E8A3-4EFF-8BA9-D83723F8BB13}.Debug|Any CPU.Deploy.0 = Debug|iPhone
		{E0B0E485-E8A3-4EFF-8BA9-D83723F8BB13}.Debug|ARM.ActiveCfg = Debug|iPhoneSimulator
		{E0B0E485-E8A3-4EFF-8BA9-D83723F8BB13}.Debug|ARM.Build.0 = Debug|iPhoneSimulator
		{E0B0E485-E8A3-4EFF-8BA9-D83723F8BB13}.Debug|ARM.Deploy.0 = Debug|iPhoneSimulator
		{E0B0E485-E8A3-4EFF-8BA9-D83723F8BB13}.Debug|iPhone.ActiveCfg = Debug|iPhone
		{E0B0E485-E8A3-4EFF-8BA9-D83723F8BB13}.Debug|iPhone.Build.0 = Debug|iPhone
		{E0B0E485-E8A3-4EFF-8BA9-D83723F8BB13}.Debug|iPhone.Deploy.0 = Debug|iPhone
		{E0B0E485-E8A3-4EFF-8BA9-D83723F8BB13}.Debug|iPhoneSimulator.ActiveCfg = Debug|iPhoneSimulator
		{E0B0E485-E8A3-4EFF-8BA9-D83723F8BB13}.Debug|iPhoneSimulator.Build.0 = Debug|iPhoneSimulator
		{E0B0E485-E8A3-4EFF-8BA9-D83723F8BB13}.Debug|iPhoneSimulator.Deploy.0 = Debug|iPhoneSimulator
		{E0B0E485-E8A3-4EFF-8BA9-D83723F8BB13}.Debug|x64.ActiveCfg = Debug|iPhone
		{E0B0E485-E8A3-4EFF-8BA9-D83723F8BB13}.Debug|x64.Build.0 = Debug|iPhone
		{E0B0E485-E8A3-4EFF-8BA9-D83723F8BB13}.Debug|x64.Deploy.0 = Debug|iPhone
		{E0B0E485-E8A3-4EFF-8BA9-D83723F8BB13}.Debug|x86.ActiveCfg = Debug|iPhone
		{E0B0E485-E8A3-4EFF-8BA9-D83723F8BB13}.Debug|x86.Build.0 = Debug|iPhone
		{E0B0E485-E8A3-4EFF-8BA9-D83723F8BB13}.Debug|x86.Deploy.0 = Debug|iPhone
		{E0B0E485-E8A3-4EFF-8BA9-D83723F8BB13}.Release|Any CPU.ActiveCfg = Release|iPhone
		{E0B0E485-E8A3-4EFF-8BA9-D83723F8BB13}.Release|Any CPU.Build.0 = Release|iPhone
		{E0B0E485-E8A3-4EFF-8BA9-D83723F8BB13}.Release|Any CPU.Deploy.0 = Release|iPhone
		{E0B0E485-E8A3-4EFF-8BA9-D83723F8BB13}.Release|ARM.ActiveCfg = Release|iPhone
		{E0B0E485-E8A3-4EFF-8BA9-D83723F8BB13}.Release|ARM.Build.0 = Release|iPhone
		{E0B0E485-E8A3-4EFF-8BA9-D83723F8BB13}.Release|ARM.Deploy.0 = Release|iPhone
		{E0B0E485-E8A3-4EFF-8BA9-D83723F8BB13}.Release|iPhone.ActiveCfg = Release|iPhone
		{E0B0E485-E8A3-4EFF-8BA9-D83723F8BB13}.Release|iPhone.Build.0 = Release|iPhone
		{E0B0E485-E8A3-4EFF-8BA9-D83723F8BB13}.Release|iPhone.Deploy.0 = Release|iPhone
		{E0B0E485-E8A3-4EFF-8BA9-D83723F8BB13}.Release|iPhoneSimulator.ActiveCfg = Release|iPhoneSimulator
		{E0B0E485-E8A3-4EFF-8BA9-D83723F8BB13}.Release|iPhoneSimulator.Build.0 = Release|iPhoneSimulator
		{E0B0E485-E8A3-4EFF-8BA9-D83723F8BB13}.Release|iPhoneSimulator.Deploy.0 = Release|iPhoneSimulator
		{E0B0E485-E8A3-4EFF-8BA9-D83723F8BB13}.Release|x64.ActiveCfg = Release|iPhone
		{E0B0E485-E8A3-4EFF-8BA9-D83723F8BB13}.Release|x64.Build.0 = Release|iPhone
		{E0B0E485-E8A3-4EFF-8BA9-D83723F8BB13}.Release|x64.Deploy.0 = Release|iPhone
		{E0B0E485-E8A3-4EFF-8BA9-D83723F8BB13}.Release|x86.ActiveCfg = Release|iPhone
		{E0B0E485-E8A3-4EFF-8BA9-D83723F8BB13}.Release|x86.Build.0 = Release|iPhone
		{E0B0E485-E8A3-4EFF-8BA9-D83723F8BB13}.Release|x86.Deploy.0 = Release|iPhone
		{929D24EF-3CF9-4BEB-A64F-F3DF7C720447}.Debug|Any CPU.ActiveCfg = Debug|Any CPU
		{929D24EF-3CF9-4BEB-A64F-F3DF7C720447}.Debug|Any CPU.Build.0 = Debug|Any CPU
		{929D24EF-3CF9-4BEB-A64F-F3DF7C720447}.Debug|Any CPU.Deploy.0 = Debug|Any CPU
		{929D24EF-3CF9-4BEB-A64F-F3DF7C720447}.Debug|ARM.ActiveCfg = Debug|Any CPU
		{929D24EF-3CF9-4BEB-A64F-F3DF7C720447}.Debug|ARM.Build.0 = Debug|Any CPU
		{929D24EF-3CF9-4BEB-A64F-F3DF7C720447}.Debug|ARM.Deploy.0 = Debug|Any CPU
		{929D24EF-3CF9-4BEB-A64F-F3DF7C720447}.Debug|iPhone.ActiveCfg = Debug|Any CPU
		{929D24EF-3CF9-4BEB-A64F-F3DF7C720447}.Debug|iPhone.Build.0 = Debug|Any CPU
		{929D24EF-3CF9-4BEB-A64F-F3DF7C720447}.Debug|iPhone.Deploy.0 = Debug|Any CPU
		{929D24EF-3CF9-4BEB-A64F-F3DF7C720447}.Debug|iPhoneSimulator.ActiveCfg = Debug|Any CPU
		{929D24EF-3CF9-4BEB-A64F-F3DF7C720447}.Debug|iPhoneSimulator.Build.0 = Debug|Any CPU
		{929D24EF-3CF9-4BEB-A64F-F3DF7C720447}.Debug|iPhoneSimulator.Deploy.0 = Debug|Any CPU
		{929D24EF-3CF9-4BEB-A64F-F3DF7C720447}.Debug|x64.ActiveCfg = Debug|Any CPU
		{929D24EF-3CF9-4BEB-A64F-F3DF7C720447}.Debug|x64.Build.0 = Debug|Any CPU
		{929D24EF-3CF9-4BEB-A64F-F3DF7C720447}.Debug|x64.Deploy.0 = Debug|Any CPU
		{929D24EF-3CF9-4BEB-A64F-F3DF7C720447}.Debug|x86.ActiveCfg = Debug|Any CPU
		{929D24EF-3CF9-4BEB-A64F-F3DF7C720447}.Debug|x86.Build.0 = Debug|Any CPU
		{929D24EF-3CF9-4BEB-A64F-F3DF7C720447}.Debug|x86.Deploy.0 = Debug|Any CPU
		{929D24EF-3CF9-4BEB-A64F-F3DF7C720447}.Release|Any CPU.ActiveCfg = Release|Any CPU
		{929D24EF-3CF9-4BEB-A64F-F3DF7C720447}.Release|Any CPU.Build.0 = Release|Any CPU
		{929D24EF-3CF9-4BEB-A64F-F3DF7C720447}.Release|Any CPU.Deploy.0 = Release|Any CPU
		{929D24EF-3CF9-4BEB-A64F-F3DF7C720447}.Release|ARM.ActiveCfg = Release|Any CPU
		{929D24EF-3CF9-4BEB-A64F-F3DF7C720447}.Release|ARM.Build.0 = Release|Any CPU
		{929D24EF-3CF9-4BEB-A64F-F3DF7C720447}.Release|ARM.Deploy.0 = Release|Any CPU
		{929D24EF-3CF9-4BEB-A64F-F3DF7C720447}.Release|iPhone.ActiveCfg = Release|Any CPU
		{929D24EF-3CF9-4BEB-A64F-F3DF7C720447}.Release|iPhone.Build.0 = Release|Any CPU
		{929D24EF-3CF9-4BEB-A64F-F3DF7C720447}.Release|iPhone.Deploy.0 = Release|Any CPU
		{929D24EF-3CF9-4BEB-A64F-F3DF7C720447}.Release|iPhoneSimulator.ActiveCfg = Release|Any CPU
		{929D24EF-3CF9-4BEB-A64F-F3DF7C720447}.Release|iPhoneSimulator.Build.0 = Release|Any CPU
		{929D24EF-3CF9-4BEB-A64F-F3DF7C720447}.Release|iPhoneSimulator.Deploy.0 = Release|Any CPU
		{929D24EF-3CF9-4BEB-A64F-F3DF7C720447}.Release|x64.ActiveCfg = Release|Any CPU
		{929D24EF-3CF9-4BEB-A64F-F3DF7C720447}.Release|x64.Build.0 = Release|Any CPU
		{929D24EF-3CF9-4BEB-A64F-F3DF7C720447}.Release|x64.Deploy.0 = Release|Any CPU
		{929D24EF-3CF9-4BEB-A64F-F3DF7C720447}.Release|x86.ActiveCfg = Release|Any CPU
		{929D24EF-3CF9-4BEB-A64F-F3DF7C720447}.Release|x86.Build.0 = Release|Any CPU
		{929D24EF-3CF9-4BEB-A64F-F3DF7C720447}.Release|x86.Deploy.0 = Release|Any CPU
	EndGlobalSection
	GlobalSection(SolutionProperties) = preSolution
		HideSolutionNode = FALSE
	EndGlobalSection
	GlobalSection(ExtensibilityGlobals) = postSolution
		SolutionGuid = {D4665261-2D68-4D86-8861-FD665A4AB564}
	EndGlobalSection
EndGlobal
