
Microsoft Visual Studio Solution File, Format Version 12.00
# Visual Studio Version 16
VisualStudioVersion = 16.0.29020.237
MinimumVisualStudioVersion = 10.0.40219.1
Project("{9A19103F-16F7-4668-BE54-9A1E7A4F7556}") = "AdminPanel_Payed", "AdminPanel_Payed.csproj", "{D2D1ED68-0358-48E2-99E7-F7A36932CA7F}"
EndProject
Global
	GlobalSection(SolutionConfigurationPlatforms) = preSolution
		Debug|Any CPU = Debug|Any CPU
		Release|Any CPU = Release|Any CPU
	EndGlobalSection
	GlobalSection(ProjectConfigurationPlatforms) = postSolution
		{D2D1ED68-0358-48E2-99E7-F7A36932CA7F}.Debug|Any CPU.ActiveCfg = Debug|Any CPU
		{D2D1ED68-0358-48E2-99E7-F7A36932CA7F}.Debug|Any CPU.Build.0 = Debug|Any CPU
		{D2D1ED68-0358-48E2-99E7-F7A36932CA7F}.Release|Any CPU.ActiveCfg = Release|Any CPU
		{D2D1ED68-0358-48E2-99E7-F7A36932CA7F}.Release|Any CPU.Build.0 = Release|Any CPU
	EndGlobalSection
	GlobalSection(SolutionProperties) = preSolution
		HideSolutionNode = FALSE
	EndGlobalSection
	GlobalSection(ExtensibilityGlobals) = postSolution
		SolutionGuid = {AA70EB65-4601-4215-BF27-ABB9D0C18092}
	EndGlobalSection
EndGlobal
