
Microsoft Visual Studio Solution File, Format Version 12.00
# Visual Studio 15
VisualStudioVersion = 15.0.28307.329
MinimumVisualStudioVersion = 10.0.40219.1
Project("{FAE04EC0-301F-11D3-BF4B-00C04F79EFBC}") = "AspNetMVConsome", "AspNetMVConsome\AspNetMVConsome.csproj", "{FEFD311F-7E1B-4F79-BEF1-F6F8D409D80E}"
EndProject
Global
	GlobalSection(SolutionConfigurationPlatforms) = preSolution
		Debug|Any CPU = Debug|Any CPU
		Release|Any CPU = Release|Any CPU
	EndGlobalSection
	GlobalSection(ProjectConfigurationPlatforms) = postSolution
		{FEFD311F-7E1B-4F79-BEF1-F6F8D409D80E}.Debug|Any CPU.ActiveCfg = Debug|Any CPU
		{FEFD311F-7E1B-4F79-BEF1-F6F8D409D80E}.Debug|Any CPU.Build.0 = Debug|Any CPU
		{FEFD311F-7E1B-4F79-BEF1-F6F8D409D80E}.Release|Any CPU.ActiveCfg = Release|Any CPU
		{FEFD311F-7E1B-4F79-BEF1-F6F8D409D80E}.Release|Any CPU.Build.0 = Release|Any CPU
	EndGlobalSection
	GlobalSection(SolutionProperties) = preSolution
		HideSolutionNode = FALSE
	EndGlobalSection
	GlobalSection(ExtensibilityGlobals) = postSolution
		SolutionGuid = {45280D75-0BA2-468B-97E1-65EBE8B2D71F}
	EndGlobalSection
EndGlobal
