
Microsoft Visual Studio Solution File, Format Version 12.00
# Visual Studio Version 16
VisualStudioVersion = 16.0.29009.5
MinimumVisualStudioVersion = 10.0.40219.1
Project("{FAE04EC0-301F-11D3-BF4B-00C04F79EFBC}") = "App08_Estilo.UWP", "App08_Estilo.UWP\App08_Estilo.UWP.csproj", "{B409821F-8CCB-49A6-A69B-F74E079A1F21}"
EndProject
Project("{FAE04EC0-301F-11D3-BF4B-00C04F79EFBC}") = "App08_Estilo.Android", "App08_Estilo.Android\App08_Estilo.Android.csproj", "{6E092BA0-4CFC-4968-AB9F-0761F1E1C766}"
EndProject
Project("{FAE04EC0-301F-11D3-BF4B-00C04F79EFBC}") = "App08_Estilo.iOS", "App08_Estilo.iOS\App08_Estilo.iOS.csproj", "{503A9C3C-8C82-41DD-A533-B9AB8E8B4906}"
EndProject
Project("{FAE04EC0-301F-11D3-BF4B-00C04F79EFBC}") = "App08_Estilo", "App08_Estilo\App08_Estilo.csproj", "{5E87FD4B-802C-46D3-98F0-84C04CD51EE1}"
EndProject
Global
	GlobalSection(SolutionConfigurationPlatforms) = preSolution
		Debug|Any CPU = Debug|Any CPU
		Debug|ARM = Debug|ARM
		Debug|iPhone = Debug|iPhone
		Debug|iPhoneSimulator = Debug|iPhoneSimulator
		Debug|x64 = Debug|x64
		Debug|x86 = Debug|x86
		Release|Any CPU = Release|Any CPU
		Release|ARM = Release|ARM
		Release|iPhone = Release|iPhone
		Release|iPhoneSimulator = Release|iPhoneSimulator
		Release|x64 = Release|x64
		Release|x86 = Release|x86
	EndGlobalSection
	GlobalSection(ProjectConfigurationPlatforms) = postSolution
		{B409821F-8CCB-49A6-A69B-F74E079A1F21}.Debug|Any CPU.ActiveCfg = Debug|x86
		{B409821F-8CCB-49A6-A69B-F74E079A1F21}.Debug|Any CPU.Build.0 = Debug|x86
		{B409821F-8CCB-49A6-A69B-F74E079A1F21}.Debug|Any CPU.Deploy.0 = Debug|x86
		{B409821F-8CCB-49A6-A69B-F74E079A1F21}.Debug|ARM.ActiveCfg = Debug|ARM
		{B409821F-8CCB-49A6-A69B-F74E079A1F21}.Debug|ARM.Build.0 = Debug|ARM
		{B409821F-8CCB-49A6-A69B-F74E079A1F21}.Debug|ARM.Deploy.0 = Debug|ARM
		{B409821F-8CCB-49A6-A69B-F74E079A1F21}.Debug|iPhone.ActiveCfg = Debug|x86
		{B409821F-8CCB-49A6-A69B-F74E079A1F21}.Debug|iPhone.Build.0 = Debug|x86
		{B409821F-8CCB-49A6-A69B-F74E079A1F21}.Debug|iPhone.Deploy.0 = Debug|x86
		{B409821F-8CCB-49A6-A69B-F74E079A1F21}.Debug|iPhoneSimulator.ActiveCfg = Debug|x86
		{B409821F-8CCB-49A6-A69B-F74E079A1F21}.Debug|iPhoneSimulator.Build.0 = Debug|x86
		{B409821F-8CCB-49A6-A69B-F74E079A1F21}.Debug|iPhoneSimulator.Deploy.0 = Debug|x86
		{B409821F-8CCB-49A6-A69B-F74E079A1F21}.Debug|x64.ActiveCfg = Debug|x64
		{B409821F-8CCB-49A6-A69B-F74E079A1F21}.Debug|x64.Build.0 = Debug|x64
		{B409821F-8CCB-49A6-A69B-F74E079A1F21}.Debug|x64.Deploy.0 = Debug|x64
		{B409821F-8CCB-49A6-A69B-F74E079A1F21}.Debug|x86.ActiveCfg = Debug|x86
		{B409821F-8CCB-49A6-A69B-F74E079A1F21}.Debug|x86.Build.0 = Debug|x86
		{B409821F-8CCB-49A6-A69B-F74E079A1F21}.Debug|x86.Deploy.0 = Debug|x86
		{B409821F-8CCB-49A6-A69B-F74E079A1F21}.Release|Any CPU.ActiveCfg = Release|x86
		{B409821F-8CCB-49A6-A69B-F74E079A1F21}.Release|Any CPU.Build.0 = Release|x86
		{B409821F-8CCB-49A6-A69B-F74E079A1F21}.Release|Any CPU.Deploy.0 = Release|x86
		{B409821F-8CCB-49A6-A69B-F74E079A1F21}.Release|ARM.ActiveCfg = Release|ARM
		{B409821F-8CCB-49A6-A69B-F74E079A1F21}.Release|ARM.Build.0 = Release|ARM
		{B409821F-8CCB-49A6-A69B-F74E079A1F21}.Release|ARM.Deploy.0 = Release|ARM
		{B409821F-8CCB-49A6-A69B-F74E079A1F21}.Release|iPhone.ActiveCfg = Release|x86
		{B409821F-8CCB-49A6-A69B-F74E079A1F21}.Release|iPhone.Build.0 = Release|x86
		{B409821F-8CCB-49A6-A69B-F74E079A1F21}.Release|iPhone.Deploy.0 = Release|x86
		{B409821F-8CCB-49A6-A69B-F74E079A1F21}.Release|iPhoneSimulator.ActiveCfg = Release|x86
		{B409821F-8CCB-49A6-A69B-F74E079A1F21}.Release|iPhoneSimulator.Build.0 = Release|x86
		{B409821F-8CCB-49A6-A69B-F74E079A1F21}.Release|iPhoneSimulator.Deploy.0 = Release|x86
		{B409821F-8CCB-49A6-A69B-F74E079A1F21}.Release|x64.ActiveCfg = Release|x64
		{B409821F-8CCB-49A6-A69B-F74E079A1F21}.Release|x64.Build.0 = Release|x64
		{B409821F-8CCB-49A6-A69B-F74E079A1F21}.Release|x64.Deploy.0 = Release|x64
		{B409821F-8CCB-49A6-A69B-F74E079A1F21}.Release|x86.ActiveCfg = Release|x86
		{B409821F-8CCB-49A6-A69B-F74E079A1F21}.Release|x86.Build.0 = Release|x86
		{B409821F-8CCB-49A6-A69B-F74E079A1F21}.Release|x86.Deploy.0 = Release|x86
		{6E092BA0-4CFC-4968-AB9F-0761F1E1C766}.Debug|Any CPU.ActiveCfg = Debug|Any CPU
		{6E092BA0-4CFC-4968-AB9F-0761F1E1C766}.Debug|Any CPU.Build.0 = Debug|Any CPU
		{6E092BA0-4CFC-4968-AB9F-0761F1E1C766}.Debug|Any CPU.Deploy.0 = Debug|Any CPU
		{6E092BA0-4CFC-4968-AB9F-0761F1E1C766}.Debug|ARM.ActiveCfg = Debug|Any CPU
		{6E092BA0-4CFC-4968-AB9F-0761F1E1C766}.Debug|ARM.Build.0 = Debug|Any CPU
		{6E092BA0-4CFC-4968-AB9F-0761F1E1C766}.Debug|ARM.Deploy.0 = Debug|Any CPU
		{6E092BA0-4CFC-4968-AB9F-0761F1E1C766}.Debug|iPhone.ActiveCfg = Debug|Any CPU
		{6E092BA0-4CFC-4968-AB9F-0761F1E1C766}.Debug|iPhone.Build.0 = Debug|Any CPU
		{6E092BA0-4CFC-4968-AB9F-0761F1E1C766}.Debug|iPhone.Deploy.0 = Debug|Any CPU
		{6E092BA0-4CFC-4968-AB9F-0761F1E1C766}.Debug|iPhoneSimulator.ActiveCfg = Debug|Any CPU
		{6E092BA0-4CFC-4968-AB9F-0761F1E1C766}.Debug|iPhoneSimulator.Build.0 = Debug|Any CPU
		{6E092BA0-4CFC-4968-AB9F-0761F1E1C766}.Debug|iPhoneSimulator.Deploy.0 = Debug|Any CPU
		{6E092BA0-4CFC-4968-AB9F-0761F1E1C766}.Debug|x64.ActiveCfg = Debug|Any CPU
		{6E092BA0-4CFC-4968-AB9F-0761F1E1C766}.Debug|x64.Build.0 = Debug|Any CPU
		{6E092BA0-4CFC-4968-AB9F-0761F1E1C766}.Debug|x64.Deploy.0 = Debug|Any CPU
		{6E092BA0-4CFC-4968-AB9F-0761F1E1C766}.Debug|x86.ActiveCfg = Debug|Any CPU
		{6E092BA0-4CFC-4968-AB9F-0761F1E1C766}.Debug|x86.Build.0 = Debug|Any CPU
		{6E092BA0-4CFC-4968-AB9F-0761F1E1C766}.Debug|x86.Deploy.0 = Debug|Any CPU
		{6E092BA0-4CFC-4968-AB9F-0761F1E1C766}.Release|Any CPU.ActiveCfg = Release|Any CPU
		{6E092BA0-4CFC-4968-AB9F-0761F1E1C766}.Release|Any CPU.Build.0 = Release|Any CPU
		{6E092BA0-4CFC-4968-AB9F-0761F1E1C766}.Release|Any CPU.Deploy.0 = Release|Any CPU
		{6E092BA0-4CFC-4968-AB9F-0761F1E1C766}.Release|ARM.ActiveCfg = Release|Any CPU
		{6E092BA0-4CFC-4968-AB9F-0761F1E1C766}.Release|ARM.Build.0 = Release|Any CPU
		{6E092BA0-4CFC-4968-AB9F-0761F1E1C766}.Release|ARM.Deploy.0 = Release|Any CPU
		{6E092BA0-4CFC-4968-AB9F-0761F1E1C766}.Release|iPhone.ActiveCfg = Release|Any CPU
		{6E092BA0-4CFC-4968-AB9F-0761F1E1C766}.Release|iPhone.Build.0 = Release|Any CPU
		{6E092BA0-4CFC-4968-AB9F-0761F1E1C766}.Release|iPhone.Deploy.0 = Release|Any CPU
		{6E092BA0-4CFC-4968-AB9F-0761F1E1C766}.Release|iPhoneSimulator.ActiveCfg = Release|Any CPU
		{6E092BA0-4CFC-4968-AB9F-0761F1E1C766}.Release|iPhoneSimulator.Build.0 = Release|Any CPU
		{6E092BA0-4CFC-4968-AB9F-0761F1E1C766}.Release|iPhoneSimulator.Deploy.0 = Release|Any CPU
		{6E092BA0-4CFC-4968-AB9F-0761F1E1C766}.Release|x64.ActiveCfg = Release|Any CPU
		{6E092BA0-4CFC-4968-AB9F-0761F1E1C766}.Release|x64.Build.0 = Release|Any CPU
		{6E092BA0-4CFC-4968-AB9F-0761F1E1C766}.Release|x64.Deploy.0 = Release|Any CPU
		{6E092BA0-4CFC-4968-AB9F-0761F1E1C766}.Release|x86.ActiveCfg = Release|Any CPU
		{6E092BA0-4CFC-4968-AB9F-0761F1E1C766}.Release|x86.Build.0 = Release|Any CPU
		{6E092BA0-4CFC-4968-AB9F-0761F1E1C766}.Release|x86.Deploy.0 = Release|Any CPU
		{503A9C3C-8C82-41DD-A533-B9AB8E8B4906}.Debug|Any CPU.ActiveCfg = Debug|iPhone
		{503A9C3C-8C82-41DD-A533-B9AB8E8B4906}.Debug|Any CPU.Build.0 = Debug|iPhone
		{503A9C3C-8C82-41DD-A533-B9AB8E8B4906}.Debug|Any CPU.Deploy.0 = Debug|iPhone
		{503A9C3C-8C82-41DD-A533-B9AB8E8B4906}.Debug|ARM.ActiveCfg = Debug|iPhoneSimulator
		{503A9C3C-8C82-41DD-A533-B9AB8E8B4906}.Debug|ARM.Build.0 = Debug|iPhoneSimulator
		{503A9C3C-8C82-41DD-A533-B9AB8E8B4906}.Debug|ARM.Deploy.0 = Debug|iPhoneSimulator
		{503A9C3C-8C82-41DD-A533-B9AB8E8B4906}.Debug|iPhone.ActiveCfg = Debug|iPhone
		{503A9C3C-8C82-41DD-A533-B9AB8E8B4906}.Debug|iPhone.Build.0 = Debug|iPhone
		{503A9C3C-8C82-41DD-A533-B9AB8E8B4906}.Debug|iPhone.Deploy.0 = Debug|iPhone
		{503A9C3C-8C82-41DD-A533-B9AB8E8B4906}.Debug|iPhoneSimulator.ActiveCfg = Debug|iPhoneSimulator
		{503A9C3C-8C82-41DD-A533-B9AB8E8B4906}.Debug|iPhoneSimulator.Build.0 = Debug|iPhoneSimulator
		{503A9C3C-8C82-41DD-A533-B9AB8E8B4906}.Debug|iPhoneSimulator.Deploy.0 = Debug|iPhoneSimulator
		{503A9C3C-8C82-41DD-A533-B9AB8E8B4906}.Debug|x64.ActiveCfg = Debug|iPhone
		{503A9C3C-8C82-41DD-A533-B9AB8E8B4906}.Debug|x64.Build.0 = Debug|iPhone
		{503A9C3C-8C82-41DD-A533-B9AB8E8B4906}.Debug|x64.Deploy.0 = Debug|iPhone
		{503A9C3C-8C82-41DD-A533-B9AB8E8B4906}.Debug|x86.ActiveCfg = Debug|iPhone
		{503A9C3C-8C82-41DD-A533-B9AB8E8B4906}.Debug|x86.Build.0 = Debug|iPhone
		{503A9C3C-8C82-41DD-A533-B9AB8E8B4906}.Debug|x86.Deploy.0 = Debug|iPhone
		{503A9C3C-8C82-41DD-A533-B9AB8E8B4906}.Release|Any CPU.ActiveCfg = Release|iPhone
		{503A9C3C-8C82-41DD-A533-B9AB8E8B4906}.Release|Any CPU.Build.0 = Release|iPhone
		{503A9C3C-8C82-41DD-A533-B9AB8E8B4906}.Release|Any CPU.Deploy.0 = Release|iPhone
		{503A9C3C-8C82-41DD-A533-B9AB8E8B4906}.Release|ARM.ActiveCfg = Release|iPhone
		{503A9C3C-8C82-41DD-A533-B9AB8E8B4906}.Release|ARM.Build.0 = Release|iPhone
		{503A9C3C-8C82-41DD-A533-B9AB8E8B4906}.Release|ARM.Deploy.0 = Release|iPhone
		{503A9C3C-8C82-41DD-A533-B9AB8E8B4906}.Release|iPhone.ActiveCfg = Release|iPhone
		{503A9C3C-8C82-41DD-A533-B9AB8E8B4906}.Release|iPhone.Build.0 = Release|iPhone
		{503A9C3C-8C82-41DD-A533-B9AB8E8B4906}.Release|iPhone.Deploy.0 = Release|iPhone
		{503A9C3C-8C82-41DD-A533-B9AB8E8B4906}.Release|iPhoneSimulator.ActiveCfg = Release|iPhoneSimulator
		{503A9C3C-8C82-41DD-A533-B9AB8E8B4906}.Release|iPhoneSimulator.Build.0 = Release|iPhoneSimulator
		{503A9C3C-8C82-41DD-A533-B9AB8E8B4906}.Release|iPhoneSimulator.Deploy.0 = Release|iPhoneSimulator
		{503A9C3C-8C82-41DD-A533-B9AB8E8B4906}.Release|x64.ActiveCfg = Release|iPhone
		{503A9C3C-8C82-41DD-A533-B9AB8E8B4906}.Release|x64.Build.0 = Release|iPhone
		{503A9C3C-8C82-41DD-A533-B9AB8E8B4906}.Release|x64.Deploy.0 = Release|iPhone
		{503A9C3C-8C82-41DD-A533-B9AB8E8B4906}.Release|x86.ActiveCfg = Release|iPhone
		{503A9C3C-8C82-41DD-A533-B9AB8E8B4906}.Release|x86.Build.0 = Release|iPhone
		{503A9C3C-8C82-41DD-A533-B9AB8E8B4906}.Release|x86.Deploy.0 = Release|iPhone
		{5E87FD4B-802C-46D3-98F0-84C04CD51EE1}.Debug|Any CPU.ActiveCfg = Debug|Any CPU
		{5E87FD4B-802C-46D3-98F0-84C04CD51EE1}.Debug|Any CPU.Build.0 = Debug|Any CPU
		{5E87FD4B-802C-46D3-98F0-84C04CD51EE1}.Debug|Any CPU.Deploy.0 = Debug|Any CPU
		{5E87FD4B-802C-46D3-98F0-84C04CD51EE1}.Debug|ARM.ActiveCfg = Debug|Any CPU
		{5E87FD4B-802C-46D3-98F0-84C04CD51EE1}.Debug|ARM.Build.0 = Debug|Any CPU
		{5E87FD4B-802C-46D3-98F0-84C04CD51EE1}.Debug|ARM.Deploy.0 = Debug|Any CPU
		{5E87FD4B-802C-46D3-98F0-84C04CD51EE1}.Debug|iPhone.ActiveCfg = Debug|Any CPU
		{5E87FD4B-802C-46D3-98F0-84C04CD51EE1}.Debug|iPhone.Build.0 = Debug|Any CPU
		{5E87FD4B-802C-46D3-98F0-84C04CD51EE1}.Debug|iPhone.Deploy.0 = Debug|Any CPU
		{5E87FD4B-802C-46D3-98F0-84C04CD51EE1}.Debug|iPhoneSimulator.ActiveCfg = Debug|Any CPU
		{5E87FD4B-802C-46D3-98F0-84C04CD51EE1}.Debug|iPhoneSimulator.Build.0 = Debug|Any CPU
		{5E87FD4B-802C-46D3-98F0-84C04CD51EE1}.Debug|iPhoneSimulator.Deploy.0 = Debug|Any CPU
		{5E87FD4B-802C-46D3-98F0-84C04CD51EE1}.Debug|x64.ActiveCfg = Debug|Any CPU
		{5E87FD4B-802C-46D3-98F0-84C04CD51EE1}.Debug|x64.Build.0 = Debug|Any CPU
		{5E87FD4B-802C-46D3-98F0-84C04CD51EE1}.Debug|x64.Deploy.0 = Debug|Any CPU
		{5E87FD4B-802C-46D3-98F0-84C04CD51EE1}.Debug|x86.ActiveCfg = Debug|Any CPU
		{5E87FD4B-802C-46D3-98F0-84C04CD51EE1}.Debug|x86.Build.0 = Debug|Any CPU
		{5E87FD4B-802C-46D3-98F0-84C04CD51EE1}.Debug|x86.Deploy.0 = Debug|Any CPU
		{5E87FD4B-802C-46D3-98F0-84C04CD51EE1}.Release|Any CPU.ActiveCfg = Release|Any CPU
		{5E87FD4B-802C-46D3-98F0-84C04CD51EE1}.Release|Any CPU.Build.0 = Release|Any CPU
		{5E87FD4B-802C-46D3-98F0-84C04CD51EE1}.Release|Any CPU.Deploy.0 = Release|Any CPU
		{5E87FD4B-802C-46D3-98F0-84C04CD51EE1}.Release|ARM.ActiveCfg = Release|Any CPU
		{5E87FD4B-802C-46D3-98F0-84C04CD51EE1}.Release|ARM.Build.0 = Release|Any CPU
		{5E87FD4B-802C-46D3-98F0-84C04CD51EE1}.Release|ARM.Deploy.0 = Release|Any CPU
		{5E87FD4B-802C-46D3-98F0-84C04CD51EE1}.Release|iPhone.ActiveCfg = Release|Any CPU
		{5E87FD4B-802C-46D3-98F0-84C04CD51EE1}.Release|iPhone.Build.0 = Release|Any CPU
		{5E87FD4B-802C-46D3-98F0-84C04CD51EE1}.Release|iPhone.Deploy.0 = Release|Any CPU
		{5E87FD4B-802C-46D3-98F0-84C04CD51EE1}.Release|iPhoneSimulator.ActiveCfg = Release|Any CPU
		{5E87FD4B-802C-46D3-98F0-84C04CD51EE1}.Release|iPhoneSimulator.Build.0 = Release|Any CPU
		{5E87FD4B-802C-46D3-98F0-84C04CD51EE1}.Release|iPhoneSimulator.Deploy.0 = Release|Any CPU
		{5E87FD4B-802C-46D3-98F0-84C04CD51EE1}.Release|x64.ActiveCfg = Release|Any CPU
		{5E87FD4B-802C-46D3-98F0-84C04CD51EE1}.Release|x64.Build.0 = Release|Any CPU
		{5E87FD4B-802C-46D3-98F0-84C04CD51EE1}.Release|x64.Deploy.0 = Release|Any CPU
		{5E87FD4B-802C-46D3-98F0-84C04CD51EE1}.Release|x86.ActiveCfg = Release|Any CPU
		{5E87FD4B-802C-46D3-98F0-84C04CD51EE1}.Release|x86.Build.0 = Release|Any CPU
		{5E87FD4B-802C-46D3-98F0-84C04CD51EE1}.Release|x86.Deploy.0 = Release|Any CPU
	EndGlobalSection
	GlobalSection(SolutionProperties) = preSolution
		HideSolutionNode = FALSE
	EndGlobalSection
	GlobalSection(ExtensibilityGlobals) = postSolution
		SolutionGuid = {D179A6F9-5842-431D-9C59-732BBF6718B9}
	EndGlobalSection
EndGlobal
