
Microsoft Visual Studio Solution File, Format Version 12.00
# Visual Studio Version 16
VisualStudioVersion = 16.0.29009.5
MinimumVisualStudioVersion = 10.0.40219.1
Project("{FAE04EC0-301F-11D3-BF4B-00C04F79EFBC}") = "App6_Tarefa.UWP", "App6_Tarefa.UWP\App6_Tarefa.UWP.csproj", "{E906F3D7-C97F-4DF6-9127-94018ABCAF0E}"
EndProject
Project("{FAE04EC0-301F-11D3-BF4B-00C04F79EFBC}") = "App6_Tarefa.Android", "App6_Tarefa.Android\App6_Tarefa.Android.csproj", "{7B7AD618-1C82-4394-B1D3-079CE144AD8A}"
EndProject
Project("{FAE04EC0-301F-11D3-BF4B-00C04F79EFBC}") = "App6_Tarefa.iOS", "App6_Tarefa.iOS\App6_Tarefa.iOS.csproj", "{028E2FE5-239F-4F14-BF4B-139DB5919E8E}"
EndProject
Project("{FAE04EC0-301F-11D3-BF4B-00C04F79EFBC}") = "App6_Tarefa", "App6_Tarefa\App6_Tarefa.csproj", "{C528DD85-40C4-4A51-856E-194EFD7B9DFB}"
EndProject
Global
	GlobalSection(SolutionConfigurationPlatforms) = preSolution
		Debug|Any CPU = Debug|Any CPU
		Debug|ARM = Debug|ARM
		Debug|iPhone = Debug|iPhone
		Debug|iPhoneSimulator = Debug|iPhoneSimulator
		Debug|x64 = Debug|x64
		Debug|x86 = Debug|x86
		Release|Any CPU = Release|Any CPU
		Release|ARM = Release|ARM
		Release|iPhone = Release|iPhone
		Release|iPhoneSimulator = Release|iPhoneSimulator
		Release|x64 = Release|x64
		Release|x86 = Release|x86
	EndGlobalSection
	GlobalSection(ProjectConfigurationPlatforms) = postSolution
		{E906F3D7-C97F-4DF6-9127-94018ABCAF0E}.Debug|Any CPU.ActiveCfg = Debug|x86
		{E906F3D7-C97F-4DF6-9127-94018ABCAF0E}.Debug|Any CPU.Build.0 = Debug|x86
		{E906F3D7-C97F-4DF6-9127-94018ABCAF0E}.Debug|Any CPU.Deploy.0 = Debug|x86
		{E906F3D7-C97F-4DF6-9127-94018ABCAF0E}.Debug|ARM.ActiveCfg = Debug|ARM
		{E906F3D7-C97F-4DF6-9127-94018ABCAF0E}.Debug|ARM.Build.0 = Debug|ARM
		{E906F3D7-C97F-4DF6-9127-94018ABCAF0E}.Debug|ARM.Deploy.0 = Debug|ARM
		{E906F3D7-C97F-4DF6-9127-94018ABCAF0E}.Debug|iPhone.ActiveCfg = Debug|x86
		{E906F3D7-C97F-4DF6-9127-94018ABCAF0E}.Debug|iPhone.Build.0 = Debug|x86
		{E906F3D7-C97F-4DF6-9127-94018ABCAF0E}.Debug|iPhone.Deploy.0 = Debug|x86
		{E906F3D7-C97F-4DF6-9127-94018ABCAF0E}.Debug|iPhoneSimulator.ActiveCfg = Debug|x86
		{E906F3D7-C97F-4DF6-9127-94018ABCAF0E}.Debug|iPhoneSimulator.Build.0 = Debug|x86
		{E906F3D7-C97F-4DF6-9127-94018ABCAF0E}.Debug|iPhoneSimulator.Deploy.0 = Debug|x86
		{E906F3D7-C97F-4DF6-9127-94018ABCAF0E}.Debug|x64.ActiveCfg = Debug|x64
		{E906F3D7-C97F-4DF6-9127-94018ABCAF0E}.Debug|x64.Build.0 = Debug|x64
		{E906F3D7-C97F-4DF6-9127-94018ABCAF0E}.Debug|x64.Deploy.0 = Debug|x64
		{E906F3D7-C97F-4DF6-9127-94018ABCAF0E}.Debug|x86.ActiveCfg = Debug|x86
		{E906F3D7-C97F-4DF6-9127-94018ABCAF0E}.Debug|x86.Build.0 = Debug|x86
		{E906F3D7-C97F-4DF6-9127-94018ABCAF0E}.Debug|x86.Deploy.0 = Debug|x86
		{E906F3D7-C97F-4DF6-9127-94018ABCAF0E}.Release|Any CPU.ActiveCfg = Release|x86
		{E906F3D7-C97F-4DF6-9127-94018ABCAF0E}.Release|Any CPU.Build.0 = Release|x86
		{E906F3D7-C97F-4DF6-9127-94018ABCAF0E}.Release|Any CPU.Deploy.0 = Release|x86
		{E906F3D7-C97F-4DF6-9127-94018ABCAF0E}.Release|ARM.ActiveCfg = Release|ARM
		{E906F3D7-C97F-4DF6-9127-94018ABCAF0E}.Release|ARM.Build.0 = Release|ARM
		{E906F3D7-C97F-4DF6-9127-94018ABCAF0E}.Release|ARM.Deploy.0 = Release|ARM
		{E906F3D7-C97F-4DF6-9127-94018ABCAF0E}.Release|iPhone.ActiveCfg = Release|x86
		{E906F3D7-C97F-4DF6-9127-94018ABCAF0E}.Release|iPhone.Build.0 = Release|x86
		{E906F3D7-C97F-4DF6-9127-94018ABCAF0E}.Release|iPhone.Deploy.0 = Release|x86
		{E906F3D7-C97F-4DF6-9127-94018ABCAF0E}.Release|iPhoneSimulator.ActiveCfg = Release|x86
		{E906F3D7-C97F-4DF6-9127-94018ABCAF0E}.Release|iPhoneSimulator.Build.0 = Release|x86
		{E906F3D7-C97F-4DF6-9127-94018ABCAF0E}.Release|iPhoneSimulator.Deploy.0 = Release|x86
		{E906F3D7-C97F-4DF6-9127-94018ABCAF0E}.Release|x64.ActiveCfg = Release|x64
		{E906F3D7-C97F-4DF6-9127-94018ABCAF0E}.Release|x64.Build.0 = Release|x64
		{E906F3D7-C97F-4DF6-9127-94018ABCAF0E}.Release|x64.Deploy.0 = Release|x64
		{E906F3D7-C97F-4DF6-9127-94018ABCAF0E}.Release|x86.ActiveCfg = Release|x86
		{E906F3D7-C97F-4DF6-9127-94018ABCAF0E}.Release|x86.Build.0 = Release|x86
		{E906F3D7-C97F-4DF6-9127-94018ABCAF0E}.Release|x86.Deploy.0 = Release|x86
		{7B7AD618-1C82-4394-B1D3-079CE144AD8A}.Debug|Any CPU.ActiveCfg = Debug|Any CPU
		{7B7AD618-1C82-4394-B1D3-079CE144AD8A}.Debug|Any CPU.Build.0 = Debug|Any CPU
		{7B7AD618-1C82-4394-B1D3-079CE144AD8A}.Debug|Any CPU.Deploy.0 = Debug|Any CPU
		{7B7AD618-1C82-4394-B1D3-079CE144AD8A}.Debug|ARM.ActiveCfg = Debug|Any CPU
		{7B7AD618-1C82-4394-B1D3-079CE144AD8A}.Debug|ARM.Build.0 = Debug|Any CPU
		{7B7AD618-1C82-4394-B1D3-079CE144AD8A}.Debug|ARM.Deploy.0 = Debug|Any CPU
		{7B7AD618-1C82-4394-B1D3-079CE144AD8A}.Debug|iPhone.ActiveCfg = Debug|Any CPU
		{7B7AD618-1C82-4394-B1D3-079CE144AD8A}.Debug|iPhone.Build.0 = Debug|Any CPU
		{7B7AD618-1C82-4394-B1D3-079CE144AD8A}.Debug|iPhone.Deploy.0 = Debug|Any CPU
		{7B7AD618-1C82-4394-B1D3-079CE144AD8A}.Debug|iPhoneSimulator.ActiveCfg = Debug|Any CPU
		{7B7AD618-1C82-4394-B1D3-079CE144AD8A}.Debug|iPhoneSimulator.Build.0 = Debug|Any CPU
		{7B7AD618-1C82-4394-B1D3-079CE144AD8A}.Debug|iPhoneSimulator.Deploy.0 = Debug|Any CPU
		{7B7AD618-1C82-4394-B1D3-079CE144AD8A}.Debug|x64.ActiveCfg = Debug|Any CPU
		{7B7AD618-1C82-4394-B1D3-079CE144AD8A}.Debug|x64.Build.0 = Debug|Any CPU
		{7B7AD618-1C82-4394-B1D3-079CE144AD8A}.Debug|x64.Deploy.0 = Debug|Any CPU
		{7B7AD618-1C82-4394-B1D3-079CE144AD8A}.Debug|x86.ActiveCfg = Debug|Any CPU
		{7B7AD618-1C82-4394-B1D3-079CE144AD8A}.Debug|x86.Build.0 = Debug|Any CPU
		{7B7AD618-1C82-4394-B1D3-079CE144AD8A}.Debug|x86.Deploy.0 = Debug|Any CPU
		{7B7AD618-1C82-4394-B1D3-079CE144AD8A}.Release|Any CPU.ActiveCfg = Release|Any CPU
		{7B7AD618-1C82-4394-B1D3-079CE144AD8A}.Release|Any CPU.Build.0 = Release|Any CPU
		{7B7AD618-1C82-4394-B1D3-079CE144AD8A}.Release|Any CPU.Deploy.0 = Release|Any CPU
		{7B7AD618-1C82-4394-B1D3-079CE144AD8A}.Release|ARM.ActiveCfg = Release|Any CPU
		{7B7AD618-1C82-4394-B1D3-079CE144AD8A}.Release|ARM.Build.0 = Release|Any CPU
		{7B7AD618-1C82-4394-B1D3-079CE144AD8A}.Release|ARM.Deploy.0 = Release|Any CPU
		{7B7AD618-1C82-4394-B1D3-079CE144AD8A}.Release|iPhone.ActiveCfg = Release|Any CPU
		{7B7AD618-1C82-4394-B1D3-079CE144AD8A}.Release|iPhone.Build.0 = Release|Any CPU
		{7B7AD618-1C82-4394-B1D3-079CE144AD8A}.Release|iPhone.Deploy.0 = Release|Any CPU
		{7B7AD618-1C82-4394-B1D3-079CE144AD8A}.Release|iPhoneSimulator.ActiveCfg = Release|Any CPU
		{7B7AD618-1C82-4394-B1D3-079CE144AD8A}.Release|iPhoneSimulator.Build.0 = Release|Any CPU
		{7B7AD618-1C82-4394-B1D3-079CE144AD8A}.Release|iPhoneSimulator.Deploy.0 = Release|Any CPU
		{7B7AD618-1C82-4394-B1D3-079CE144AD8A}.Release|x64.ActiveCfg = Release|Any CPU
		{7B7AD618-1C82-4394-B1D3-079CE144AD8A}.Release|x64.Build.0 = Release|Any CPU
		{7B7AD618-1C82-4394-B1D3-079CE144AD8A}.Release|x64.Deploy.0 = Release|Any CPU
		{7B7AD618-1C82-4394-B1D3-079CE144AD8A}.Release|x86.ActiveCfg = Release|Any CPU
		{7B7AD618-1C82-4394-B1D3-079CE144AD8A}.Release|x86.Build.0 = Release|Any CPU
		{7B7AD618-1C82-4394-B1D3-079CE144AD8A}.Release|x86.Deploy.0 = Release|Any CPU
		{028E2FE5-239F-4F14-BF4B-139DB5919E8E}.Debug|Any CPU.ActiveCfg = Debug|iPhone
		{028E2FE5-239F-4F14-BF4B-139DB5919E8E}.Debug|Any CPU.Build.0 = Debug|iPhone
		{028E2FE5-239F-4F14-BF4B-139DB5919E8E}.Debug|Any CPU.Deploy.0 = Debug|iPhone
		{028E2FE5-239F-4F14-BF4B-139DB5919E8E}.Debug|ARM.ActiveCfg = Debug|iPhoneSimulator
		{028E2FE5-239F-4F14-BF4B-139DB5919E8E}.Debug|ARM.Build.0 = Debug|iPhoneSimulator
		{028E2FE5-239F-4F14-BF4B-139DB5919E8E}.Debug|ARM.Deploy.0 = Debug|iPhoneSimulator
		{028E2FE5-239F-4F14-BF4B-139DB5919E8E}.Debug|iPhone.ActiveCfg = Debug|iPhone
		{028E2FE5-239F-4F14-BF4B-139DB5919E8E}.Debug|iPhone.Build.0 = Debug|iPhone
		{028E2FE5-239F-4F14-BF4B-139DB5919E8E}.Debug|iPhone.Deploy.0 = Debug|iPhone
		{028E2FE5-239F-4F14-BF4B-139DB5919E8E}.Debug|iPhoneSimulator.ActiveCfg = Debug|iPhoneSimulator
		{028E2FE5-239F-4F14-BF4B-139DB5919E8E}.Debug|iPhoneSimulator.Build.0 = Debug|iPhoneSimulator
		{028E2FE5-239F-4F14-BF4B-139DB5919E8E}.Debug|iPhoneSimulator.Deploy.0 = Debug|iPhoneSimulator
		{028E2FE5-239F-4F14-BF4B-139DB5919E8E}.Debug|x64.ActiveCfg = Debug|iPhone
		{028E2FE5-239F-4F14-BF4B-139DB5919E8E}.Debug|x64.Build.0 = Debug|iPhone
		{028E2FE5-239F-4F14-BF4B-139DB5919E8E}.Debug|x64.Deploy.0 = Debug|iPhone
		{028E2FE5-239F-4F14-BF4B-139DB5919E8E}.Debug|x86.ActiveCfg = Debug|iPhone
		{028E2FE5-239F-4F14-BF4B-139DB5919E8E}.Debug|x86.Build.0 = Debug|iPhone
		{028E2FE5-239F-4F14-BF4B-139DB5919E8E}.Debug|x86.Deploy.0 = Debug|iPhone
		{028E2FE5-239F-4F14-BF4B-139DB5919E8E}.Release|Any CPU.ActiveCfg = Release|iPhone
		{028E2FE5-239F-4F14-BF4B-139DB5919E8E}.Release|Any CPU.Build.0 = Release|iPhone
		{028E2FE5-239F-4F14-BF4B-139DB5919E8E}.Release|Any CPU.Deploy.0 = Release|iPhone
		{028E2FE5-239F-4F14-BF4B-139DB5919E8E}.Release|ARM.ActiveCfg = Release|iPhone
		{028E2FE5-239F-4F14-BF4B-139DB5919E8E}.Release|ARM.Build.0 = Release|iPhone
		{028E2FE5-239F-4F14-BF4B-139DB5919E8E}.Release|ARM.Deploy.0 = Release|iPhone
		{028E2FE5-239F-4F14-BF4B-139DB5919E8E}.Release|iPhone.ActiveCfg = Release|iPhone
		{028E2FE5-239F-4F14-BF4B-139DB5919E8E}.Release|iPhone.Build.0 = Release|iPhone
		{028E2FE5-239F-4F14-BF4B-139DB5919E8E}.Release|iPhone.Deploy.0 = Release|iPhone
		{028E2FE5-239F-4F14-BF4B-139DB5919E8E}.Release|iPhoneSimulator.ActiveCfg = Release|iPhoneSimulator
		{028E2FE5-239F-4F14-BF4B-139DB5919E8E}.Release|iPhoneSimulator.Build.0 = Release|iPhoneSimulator
		{028E2FE5-239F-4F14-BF4B-139DB5919E8E}.Release|iPhoneSimulator.Deploy.0 = Release|iPhoneSimulator
		{028E2FE5-239F-4F14-BF4B-139DB5919E8E}.Release|x64.ActiveCfg = Release|iPhone
		{028E2FE5-239F-4F14-BF4B-139DB5919E8E}.Release|x64.Build.0 = Release|iPhone
		{028E2FE5-239F-4F14-BF4B-139DB5919E8E}.Release|x64.Deploy.0 = Release|iPhone
		{028E2FE5-239F-4F14-BF4B-139DB5919E8E}.Release|x86.ActiveCfg = Release|iPhone
		{028E2FE5-239F-4F14-BF4B-139DB5919E8E}.Release|x86.Build.0 = Release|iPhone
		{028E2FE5-239F-4F14-BF4B-139DB5919E8E}.Release|x86.Deploy.0 = Release|iPhone
		{C528DD85-40C4-4A51-856E-194EFD7B9DFB}.Debug|Any CPU.ActiveCfg = Debug|Any CPU
		{C528DD85-40C4-4A51-856E-194EFD7B9DFB}.Debug|Any CPU.Build.0 = Debug|Any CPU
		{C528DD85-40C4-4A51-856E-194EFD7B9DFB}.Debug|Any CPU.Deploy.0 = Debug|Any CPU
		{C528DD85-40C4-4A51-856E-194EFD7B9DFB}.Debug|ARM.ActiveCfg = Debug|Any CPU
		{C528DD85-40C4-4A51-856E-194EFD7B9DFB}.Debug|ARM.Build.0 = Debug|Any CPU
		{C528DD85-40C4-4A51-856E-194EFD7B9DFB}.Debug|ARM.Deploy.0 = Debug|Any CPU
		{C528DD85-40C4-4A51-856E-194EFD7B9DFB}.Debug|iPhone.ActiveCfg = Debug|Any CPU
		{C528DD85-40C4-4A51-856E-194EFD7B9DFB}.Debug|iPhone.Build.0 = Debug|Any CPU
		{C528DD85-40C4-4A51-856E-194EFD7B9DFB}.Debug|iPhone.Deploy.0 = Debug|Any CPU
		{C528DD85-40C4-4A51-856E-194EFD7B9DFB}.Debug|iPhoneSimulator.ActiveCfg = Debug|Any CPU
		{C528DD85-40C4-4A51-856E-194EFD7B9DFB}.Debug|iPhoneSimulator.Build.0 = Debug|Any CPU
		{C528DD85-40C4-4A51-856E-194EFD7B9DFB}.Debug|iPhoneSimulator.Deploy.0 = Debug|Any CPU
		{C528DD85-40C4-4A51-856E-194EFD7B9DFB}.Debug|x64.ActiveCfg = Debug|Any CPU
		{C528DD85-40C4-4A51-856E-194EFD7B9DFB}.Debug|x64.Build.0 = Debug|Any CPU
		{C528DD85-40C4-4A51-856E-194EFD7B9DFB}.Debug|x64.Deploy.0 = Debug|Any CPU
		{C528DD85-40C4-4A51-856E-194EFD7B9DFB}.Debug|x86.ActiveCfg = Debug|Any CPU
		{C528DD85-40C4-4A51-856E-194EFD7B9DFB}.Debug|x86.Build.0 = Debug|Any CPU
		{C528DD85-40C4-4A51-856E-194EFD7B9DFB}.Debug|x86.Deploy.0 = Debug|Any CPU
		{C528DD85-40C4-4A51-856E-194EFD7B9DFB}.Release|Any CPU.ActiveCfg = Release|Any CPU
		{C528DD85-40C4-4A51-856E-194EFD7B9DFB}.Release|Any CPU.Build.0 = Release|Any CPU
		{C528DD85-40C4-4A51-856E-194EFD7B9DFB}.Release|Any CPU.Deploy.0 = Release|Any CPU
		{C528DD85-40C4-4A51-856E-194EFD7B9DFB}.Release|ARM.ActiveCfg = Release|Any CPU
		{C528DD85-40C4-4A51-856E-194EFD7B9DFB}.Release|ARM.Build.0 = Release|Any CPU
		{C528DD85-40C4-4A51-856E-194EFD7B9DFB}.Release|ARM.Deploy.0 = Release|Any CPU
		{C528DD85-40C4-4A51-856E-194EFD7B9DFB}.Release|iPhone.ActiveCfg = Release|Any CPU
		{C528DD85-40C4-4A51-856E-194EFD7B9DFB}.Release|iPhone.Build.0 = Release|Any CPU
		{C528DD85-40C4-4A51-856E-194EFD7B9DFB}.Release|iPhone.Deploy.0 = Release|Any CPU
		{C528DD85-40C4-4A51-856E-194EFD7B9DFB}.Release|iPhoneSimulator.ActiveCfg = Release|Any CPU
		{C528DD85-40C4-4A51-856E-194EFD7B9DFB}.Release|iPhoneSimulator.Build.0 = Release|Any CPU
		{C528DD85-40C4-4A51-856E-194EFD7B9DFB}.Release|iPhoneSimulator.Deploy.0 = Release|Any CPU
		{C528DD85-40C4-4A51-856E-194EFD7B9DFB}.Release|x64.ActiveCfg = Release|Any CPU
		{C528DD85-40C4-4A51-856E-194EFD7B9DFB}.Release|x64.Build.0 = Release|Any CPU
		{C528DD85-40C4-4A51-856E-194EFD7B9DFB}.Release|x64.Deploy.0 = Release|Any CPU
		{C528DD85-40C4-4A51-856E-194EFD7B9DFB}.Release|x86.ActiveCfg = Release|Any CPU
		{C528DD85-40C4-4A51-856E-194EFD7B9DFB}.Release|x86.Build.0 = Release|Any CPU
		{C528DD85-40C4-4A51-856E-194EFD7B9DFB}.Release|x86.Deploy.0 = Release|Any CPU
	EndGlobalSection
	GlobalSection(SolutionProperties) = preSolution
		HideSolutionNode = FALSE
	EndGlobalSection
	GlobalSection(ExtensibilityGlobals) = postSolution
		SolutionGuid = {76E1324E-6687-4AFE-8D45-5C6C05B494D2}
	EndGlobalSection
EndGlobal
