
Microsoft Visual Studio Solution File, Format Version 12.00
# Visual Studio 15
VisualStudioVersion = 15.0.28307.329
MinimumVisualStudioVersion = 10.0.40219.1
Project("{FAE04EC0-301F-11D3-BF4B-00C04F79EFBC}") = "cSharpSamples", "cSharpSamples\cSharpSamples.csproj", "{AB93B8E3-4CAF-47C7-AF7B-FFD6DB9649C3}"
EndProject
Project("{FAE04EC0-301F-11D3-BF4B-00C04F79EFBC}") = "AsyncAwait", "AsyncAwait\AsyncAwait.csproj", "{4077A62F-FE35-4A44-AA2B-2493ABE957E8}"
EndProject
Global
	GlobalSection(SolutionConfigurationPlatforms) = preSolution
		Debug|Any CPU = Debug|Any CPU
		Release|Any CPU = Release|Any CPU
	EndGlobalSection
	GlobalSection(ProjectConfigurationPlatforms) = postSolution
		{AB93B8E3-4CAF-47C7-AF7B-FFD6DB9649C3}.Debug|Any CPU.ActiveCfg = Debug|Any CPU
		{AB93B8E3-4CAF-47C7-AF7B-FFD6DB9649C3}.Debug|Any CPU.Build.0 = Debug|Any CPU
		{AB93B8E3-4CAF-47C7-AF7B-FFD6DB9649C3}.Release|Any CPU.ActiveCfg = Release|Any CPU
		{AB93B8E3-4CAF-47C7-AF7B-FFD6DB9649C3}.Release|Any CPU.Build.0 = Release|Any CPU
		{4077A62F-FE35-4A44-AA2B-2493ABE957E8}.Debug|Any CPU.ActiveCfg = Debug|Any CPU
		{4077A62F-FE35-4A44-AA2B-2493ABE957E8}.Debug|Any CPU.Build.0 = Debug|Any CPU
		{4077A62F-FE35-4A44-AA2B-2493ABE957E8}.Release|Any CPU.ActiveCfg = Release|Any CPU
		{4077A62F-FE35-4A44-AA2B-2493ABE957E8}.Release|Any CPU.Build.0 = Release|Any CPU
	EndGlobalSection
	GlobalSection(SolutionProperties) = preSolution
		HideSolutionNode = FALSE
	EndGlobalSection
	GlobalSection(ExtensibilityGlobals) = postSolution
		SolutionGuid = {69DAF92B-9DAC-4816-92C7-821A2DB148CE}
	EndGlobalSection
EndGlobal
