
Microsoft Visual Studio Solution File, Format Version 12.00
# Visual Studio Version 16
VisualStudioVersion = 16.0.29009.5
MinimumVisualStudioVersion = 10.0.40219.1
Project("{FAE04EC0-301F-11D3-BF4B-00C04F79EFBC}") = "WebAPI", "WebAPI.csproj", "{A7F89BF0-5EE7-4F90-947F-056167476AE6}"
EndProject
Global
	GlobalSection(SolutionConfigurationPlatforms) = preSolution
		Debug|Any CPU = Debug|Any CPU
		Release|Any CPU = Release|Any CPU
	EndGlobalSection
	GlobalSection(ProjectConfigurationPlatforms) = postSolution
		{A7F89BF0-5EE7-4F90-947F-056167476AE6}.Debug|Any CPU.ActiveCfg = Debug|Any CPU
		{A7F89BF0-5EE7-4F90-947F-056167476AE6}.Debug|Any CPU.Build.0 = Debug|Any CPU
		{A7F89BF0-5EE7-4F90-947F-056167476AE6}.Release|Any CPU.ActiveCfg = Release|Any CPU
		{A7F89BF0-5EE7-4F90-947F-056167476AE6}.Release|Any CPU.Build.0 = Release|Any CPU
	EndGlobalSection
	GlobalSection(SolutionProperties) = preSolution
		HideSolutionNode = FALSE
	EndGlobalSection
	GlobalSection(ExtensibilityGlobals) = postSolution
		SolutionGuid = {4E7D8726-E0F6-463E-BE22-1BBA1D2E1CB0}
	EndGlobalSection
EndGlobal
